// !$*UTF8*$!
{
	archiveVersion = 1;
	classes = {
	};
	objectVersion = 46;
	objects = {

/* Begin PBXBuildFile section */
		5506D5681F21D15F00F66E6D /* CycleLengthViewController.swift in Sources */ = {isa = PBXBuildFile; fileRef = 5506D5671F21D15F00F66E6D /* CycleLengthViewController.swift */; };
		5506D56A1F21D17900F66E6D /* PeriodLengthViewController.swift in Sources */ = {isa = PBXBuildFile; fileRef = 5506D5691F21D17900F66E6D /* PeriodLengthViewController.swift */; };
		551145561F0AC92700C2C08B /* mood.json in Resources */ = {isa = PBXBuildFile; fileRef = 551145551F0AC92700C2C08B /* mood.json */; };
		5518D2A31F06CEE6001EB0B3 /* DayLogViewController.swift in Sources */ = {isa = PBXBuildFile; fileRef = 5518D2A21F06CEE6001EB0B3 /* DayLogViewController.swift */; };
		5518D2A51F06D4BE001EB0B3 /* WeekCollectionViewCell.swift in Sources */ = {isa = PBXBuildFile; fileRef = 5518D2A41F06D4BE001EB0B3 /* WeekCollectionViewCell.swift */; };
		553039D31F025EA600C8EF07 /* Colors.swift in Sources */ = {isa = PBXBuildFile; fileRef = 553039D21F025EA600C8EF07 /* Colors.swift */; };
		5535EB631F25F926007D70F5 /* AboutLastPeriodViewController.swift in Sources */ = {isa = PBXBuildFile; fileRef = 5535EB621F25F926007D70F5 /* AboutLastPeriodViewController.swift */; };
		5537E5A41F1CE48A00C479F1 /* MoodSelectorTableViewCell.swift in Sources */ = {isa = PBXBuildFile; fileRef = 5537E5A31F1CE48A00C479F1 /* MoodSelectorTableViewCell.swift */; };
		55445B091EFA9AFB0073DC75 /* LogoView.swift in Sources */ = {isa = PBXBuildFile; fileRef = 55445B081EFA9AFB0073DC75 /* LogoView.swift */; };
		556CA07B1EFBDE8B008C5EA1 /* Setup.swift in Sources */ = {isa = PBXBuildFile; fileRef = 556CA07A1EFBDE8B008C5EA1 /* Setup.swift */; };
		556CA07D1EFBDEF5008C5EA1 /* Log.swift in Sources */ = {isa = PBXBuildFile; fileRef = 556CA07C1EFBDEF5008C5EA1 /* Log.swift */; };
		556CA07F1EFBE2A3008C5EA1 /* Mood.swift in Sources */ = {isa = PBXBuildFile; fileRef = 556CA07E1EFBE2A3008C5EA1 /* Mood.swift */; };
		556CA0811EFBE445008C5EA1 /* LogMood.swift in Sources */ = {isa = PBXBuildFile; fileRef = 556CA0801EFBE445008C5EA1 /* LogMood.swift */; };
		556CA0831EFBE522008C5EA1 /* Setting.swift in Sources */ = {isa = PBXBuildFile; fileRef = 556CA0821EFBE522008C5EA1 /* Setting.swift */; };
		556CA0851EFBE587008C5EA1 /* Information.swift in Sources */ = {isa = PBXBuildFile; fileRef = 556CA0841EFBE587008C5EA1 /* Information.swift */; };
		556CF44B1F0135A100E3456B /* Utility.swift in Sources */ = {isa = PBXBuildFile; fileRef = 556CF44A1F0135A100E3456B /* Utility.swift */; };
		557F959F1EFE628A00D1D68A /* Reachability.swift in Sources */ = {isa = PBXBuildFile; fileRef = 557F959E1EFE628A00D1D68A /* Reachability.swift */; };
		557F95A11EFE9FCB00D1D68A /* CalendarViewController.swift in Sources */ = {isa = PBXBuildFile; fileRef = 557F95A01EFE9FCB00D1D68A /* CalendarViewController.swift */; };
		557F95A41EFEA96400D1D68A /* MonthTableViewCell.swift in Sources */ = {isa = PBXBuildFile; fileRef = 557F95A31EFEA96400D1D68A /* MonthTableViewCell.swift */; };
		557F95A61EFEA9BF00D1D68A /* DayCollectionViewCell.swift in Sources */ = {isa = PBXBuildFile; fileRef = 557F95A51EFEA9BF00D1D68A /* DayCollectionViewCell.swift */; };
		55B9BD361EF94ADE00F75794 /* AppDelegate.swift in Sources */ = {isa = PBXBuildFile; fileRef = 55B9BD351EF94ADE00F75794 /* AppDelegate.swift */; };
		55B9BD381EF94ADE00F75794 /* ViewController.swift in Sources */ = {isa = PBXBuildFile; fileRef = 55B9BD371EF94ADE00F75794 /* ViewController.swift */; };
		55B9BD3B1EF94ADE00F75794 /* Main.storyboard in Resources */ = {isa = PBXBuildFile; fileRef = 55B9BD391EF94ADE00F75794 /* Main.storyboard */; };
		55B9BD3D1EF94ADE00F75794 /* Assets.xcassets in Resources */ = {isa = PBXBuildFile; fileRef = 55B9BD3C1EF94ADE00F75794 /* Assets.xcassets */; };
		55B9BD401EF94ADE00F75794 /* LaunchScreen.storyboard in Resources */ = {isa = PBXBuildFile; fileRef = 55B9BD3E1EF94ADE00F75794 /* LaunchScreen.storyboard */; };
		55CC458E1EFBC88000E34DD3 /* PeriodTrackerRouter.swift in Sources */ = {isa = PBXBuildFile; fileRef = 55CC458D1EFBC88000E34DD3 /* PeriodTrackerRouter.swift */; };
		55CC45911EFBDB1F00E34DD3 /* User.swift in Sources */ = {isa = PBXBuildFile; fileRef = 55CC45901EFBDB1F00E34DD3 /* User.swift */; };
		55CF83311F16867E00212BFF /* MoodValueCollectionViewCell.swift in Sources */ = {isa = PBXBuildFile; fileRef = 55CF83301F16867E00212BFF /* MoodValueCollectionViewCell.swift */; };
		55EAEB591F209F150034E0D0 /* SetupPageViewController.swift in Sources */ = {isa = PBXBuildFile; fileRef = 55EAEB581F209F140034E0D0 /* SetupPageViewController.swift */; };
		55EAEB5B1F20B6800034E0D0 /* LastPeriodViewController.swift in Sources */ = {isa = PBXBuildFile; fileRef = 55EAEB5A1F20B6800034E0D0 /* LastPeriodViewController.swift */; };
		55FE27891F0E5DD70042DBD3 /* MoodsCollectionViewCell.swift in Sources */ = {isa = PBXBuildFile; fileRef = 55FE27881F0E5DD70042DBD3 /* MoodsCollectionViewCell.swift */; };
		55FE278B1F0E5E390042DBD3 /* MoodCollectionViewCell.swift in Sources */ = {isa = PBXBuildFile; fileRef = 55FE278A1F0E5E390042DBD3 /* MoodCollectionViewCell.swift */; };
		55FF9A4B1F1E22BB006281F7 /* MoodSelectorViewController.swift in Sources */ = {isa = PBXBuildFile; fileRef = 55FF9A4A1F1E22BB006281F7 /* MoodSelectorViewController.swift */; };
		730DB2FF1EFBB2C3001495EF /* IRANSans(FaNum)_Bold.ttf in Resources */ = {isa = PBXBuildFile; fileRef = 730DB2F91EFBB2C3001495EF /* IRANSans(FaNum)_Bold.ttf */; };
		730DB3001EFBB2C3001495EF /* IRANSans(FaNum)_Light.ttf in Resources */ = {isa = PBXBuildFile; fileRef = 730DB2FA1EFBB2C3001495EF /* IRANSans(FaNum)_Light.ttf */; };
		730DB3011EFBB2C3001495EF /* IRANSans(FaNum)_Medium.ttf in Resources */ = {isa = PBXBuildFile; fileRef = 730DB2FB1EFBB2C3001495EF /* IRANSans(FaNum)_Medium.ttf */; };
		730DB3021EFBB2C3001495EF /* IRANSans(FaNum)_UltraLight.ttf in Resources */ = {isa = PBXBuildFile; fileRef = 730DB2FC1EFBB2C3001495EF /* IRANSans(FaNum)_UltraLight.ttf */; };
		730DB3031EFBB2C3001495EF /* IRANSans(FaNum).ttf in Resources */ = {isa = PBXBuildFile; fileRef = 730DB2FD1EFBB2C3001495EF /* IRANSans(FaNum).ttf */; };
		730DB3061EFBE07C001495EF /* BuyViewController.swift in Sources */ = {isa = PBXBuildFile; fileRef = 730DB3051EFBE07B001495EF /* BuyViewController.swift */; };
		A0A9058E2F1C5CF4528719D4 /* Pods_PeriodTracker.framework in Frameworks */ = {isa = PBXBuildFile; fileRef = E9429A523F682D67B99B203A /* Pods_PeriodTracker.framework */; };
/* End PBXBuildFile section */

/* Begin PBXFileReference section */
		3E8A2305E983DFAE6FF8EC23 /* Pods-PeriodTracker.release.xcconfig */ = {isa = PBXFileReference; includeInIndex = 1; lastKnownFileType = text.xcconfig; name = "Pods-PeriodTracker.release.xcconfig"; path = "Pods/Target Support Files/Pods-PeriodTracker/Pods-PeriodTracker.release.xcconfig"; sourceTree = "<group>"; };
		5506D5671F21D15F00F66E6D /* CycleLengthViewController.swift */ = {isa = PBXFileReference; fileEncoding = 4; lastKnownFileType = sourcecode.swift; name = CycleLengthViewController.swift; path = Controllers/CycleLengthViewController.swift; sourceTree = "<group>"; };
		5506D5691F21D17900F66E6D /* PeriodLengthViewController.swift */ = {isa = PBXFileReference; fileEncoding = 4; lastKnownFileType = sourcecode.swift; name = PeriodLengthViewController.swift; path = Controllers/PeriodLengthViewController.swift; sourceTree = "<group>"; };
		551145551F0AC92700C2C08B /* mood.json */ = {isa = PBXFileReference; fileEncoding = 4; lastKnownFileType = text.json; path = mood.json; sourceTree = "<group>"; };
		5518D2A21F06CEE6001EB0B3 /* DayLogViewController.swift */ = {isa = PBXFileReference; fileEncoding = 4; lastKnownFileType = sourcecode.swift; name = DayLogViewController.swift; path = Controllers/DayLogViewController.swift; sourceTree = "<group>"; };
		5518D2A41F06D4BE001EB0B3 /* WeekCollectionViewCell.swift */ = {isa = PBXFileReference; fileEncoding = 4; lastKnownFileType = sourcecode.swift; name = WeekCollectionViewCell.swift; path = Cell/WeekCollectionViewCell.swift; sourceTree = "<group>"; };
		553039D21F025EA600C8EF07 /* Colors.swift */ = {isa = PBXFileReference; fileEncoding = 4; lastKnownFileType = sourcecode.swift; name = Colors.swift; path = Utilities/Colors.swift; sourceTree = "<group>"; };
		5535EB621F25F926007D70F5 /* AboutLastPeriodViewController.swift */ = {isa = PBXFileReference; fileEncoding = 4; lastKnownFileType = sourcecode.swift; name = AboutLastPeriodViewController.swift; path = Controllers/AboutLastPeriodViewController.swift; sourceTree = "<group>"; };
		5537E5A31F1CE48A00C479F1 /* MoodSelectorTableViewCell.swift */ = {isa = PBXFileReference; fileEncoding = 4; lastKnownFileType = sourcecode.swift; name = MoodSelectorTableViewCell.swift; path = Cell/MoodSelectorTableViewCell.swift; sourceTree = "<group>"; };
		55445B081EFA9AFB0073DC75 /* LogoView.swift */ = {isa = PBXFileReference; fileEncoding = 4; lastKnownFileType = sourcecode.swift; name = LogoView.swift; path = Components/LogoView.swift; sourceTree = "<group>"; };
		556CA07A1EFBDE8B008C5EA1 /* Setup.swift */ = {isa = PBXFileReference; fileEncoding = 4; lastKnownFileType = sourcecode.swift; name = Setup.swift; path = Database/Setup.swift; sourceTree = "<group>"; };
		556CA07C1EFBDEF5008C5EA1 /* Log.swift */ = {isa = PBXFileReference; fileEncoding = 4; lastKnownFileType = sourcecode.swift; name = Log.swift; path = Database/Log.swift; sourceTree = "<group>"; };
		556CA07E1EFBE2A3008C5EA1 /* Mood.swift */ = {isa = PBXFileReference; fileEncoding = 4; lastKnownFileType = sourcecode.swift; name = Mood.swift; path = Database/Mood.swift; sourceTree = "<group>"; };
		556CA0801EFBE445008C5EA1 /* LogMood.swift */ = {isa = PBXFileReference; fileEncoding = 4; lastKnownFileType = sourcecode.swift; name = LogMood.swift; path = Database/LogMood.swift; sourceTree = "<group>"; };
		556CA0821EFBE522008C5EA1 /* Setting.swift */ = {isa = PBXFileReference; fileEncoding = 4; lastKnownFileType = sourcecode.swift; name = Setting.swift; path = Database/Setting.swift; sourceTree = "<group>"; };
		556CA0841EFBE587008C5EA1 /* Information.swift */ = {isa = PBXFileReference; fileEncoding = 4; lastKnownFileType = sourcecode.swift; name = Information.swift; path = Database/Information.swift; sourceTree = "<group>"; };
		556CF44A1F0135A100E3456B /* Utility.swift */ = {isa = PBXFileReference; fileEncoding = 4; lastKnownFileType = sourcecode.swift; name = Utility.swift; path = Utilities/Utility.swift; sourceTree = "<group>"; };
		557F959E1EFE628A00D1D68A /* Reachability.swift */ = {isa = PBXFileReference; fileEncoding = 4; lastKnownFileType = sourcecode.swift; name = Reachability.swift; path = Utilities/Reachability.swift; sourceTree = "<group>"; };
		557F95A01EFE9FCB00D1D68A /* CalendarViewController.swift */ = {isa = PBXFileReference; fileEncoding = 4; lastKnownFileType = sourcecode.swift; name = CalendarViewController.swift; path = Controllers/CalendarViewController.swift; sourceTree = "<group>"; };
		557F95A31EFEA96400D1D68A /* MonthTableViewCell.swift */ = {isa = PBXFileReference; fileEncoding = 4; lastKnownFileType = sourcecode.swift; name = MonthTableViewCell.swift; path = Cell/MonthTableViewCell.swift; sourceTree = "<group>"; };
		557F95A51EFEA9BF00D1D68A /* DayCollectionViewCell.swift */ = {isa = PBXFileReference; fileEncoding = 4; lastKnownFileType = sourcecode.swift; name = DayCollectionViewCell.swift; path = Cell/DayCollectionViewCell.swift; sourceTree = "<group>"; };
		55B9BD321EF94ADE00F75794 /* PeriodTracker.app */ = {isa = PBXFileReference; explicitFileType = wrapper.application; includeInIndex = 0; path = PeriodTracker.app; sourceTree = BUILT_PRODUCTS_DIR; };
		55B9BD351EF94ADE00F75794 /* AppDelegate.swift */ = {isa = PBXFileReference; lastKnownFileType = sourcecode.swift; path = AppDelegate.swift; sourceTree = "<group>"; };
		55B9BD371EF94ADE00F75794 /* ViewController.swift */ = {isa = PBXFileReference; lastKnownFileType = sourcecode.swift; path = ViewController.swift; sourceTree = "<group>"; };
		55B9BD3A1EF94ADE00F75794 /* Base */ = {isa = PBXFileReference; lastKnownFileType = file.storyboard; name = Base; path = Base.lproj/Main.storyboard; sourceTree = "<group>"; };
		55B9BD3C1EF94ADE00F75794 /* Assets.xcassets */ = {isa = PBXFileReference; lastKnownFileType = folder.assetcatalog; path = Assets.xcassets; sourceTree = "<group>"; };
		55B9BD3F1EF94ADE00F75794 /* Base */ = {isa = PBXFileReference; lastKnownFileType = file.storyboard; name = Base; path = Base.lproj/LaunchScreen.storyboard; sourceTree = "<group>"; };
		55B9BD411EF94ADE00F75794 /* Info.plist */ = {isa = PBXFileReference; lastKnownFileType = text.plist.xml; path = Info.plist; sourceTree = "<group>"; };
		55CC458D1EFBC88000E34DD3 /* PeriodTrackerRouter.swift */ = {isa = PBXFileReference; fileEncoding = 4; lastKnownFileType = sourcecode.swift; name = PeriodTrackerRouter.swift; path = API/PeriodTrackerRouter.swift; sourceTree = "<group>"; };
		55CC45901EFBDB1F00E34DD3 /* User.swift */ = {isa = PBXFileReference; fileEncoding = 4; lastKnownFileType = sourcecode.swift; name = User.swift; path = Database/User.swift; sourceTree = "<group>"; };
		55CF83301F16867E00212BFF /* MoodValueCollectionViewCell.swift */ = {isa = PBXFileReference; fileEncoding = 4; lastKnownFileType = sourcecode.swift; name = MoodValueCollectionViewCell.swift; path = Cell/MoodValueCollectionViewCell.swift; sourceTree = "<group>"; };
		55EAEB581F209F140034E0D0 /* SetupPageViewController.swift */ = {isa = PBXFileReference; fileEncoding = 4; lastKnownFileType = sourcecode.swift; name = SetupPageViewController.swift; path = Controllers/SetupPageViewController.swift; sourceTree = "<group>"; };
		55EAEB5A1F20B6800034E0D0 /* LastPeriodViewController.swift */ = {isa = PBXFileReference; fileEncoding = 4; lastKnownFileType = sourcecode.swift; name = LastPeriodViewController.swift; path = Controllers/LastPeriodViewController.swift; sourceTree = "<group>"; };
		55FE27881F0E5DD70042DBD3 /* MoodsCollectionViewCell.swift */ = {isa = PBXFileReference; fileEncoding = 4; lastKnownFileType = sourcecode.swift; name = MoodsCollectionViewCell.swift; path = Cell/MoodsCollectionViewCell.swift; sourceTree = "<group>"; };
		55FE278A1F0E5E390042DBD3 /* MoodCollectionViewCell.swift */ = {isa = PBXFileReference; fileEncoding = 4; lastKnownFileType = sourcecode.swift; name = MoodCollectionViewCell.swift; path = Cell/MoodCollectionViewCell.swift; sourceTree = "<group>"; };
		55FF9A4A1F1E22BB006281F7 /* MoodSelectorViewController.swift */ = {isa = PBXFileReference; fileEncoding = 4; lastKnownFileType = sourcecode.swift; name = MoodSelectorViewController.swift; path = Controllers/MoodSelectorViewController.swift; sourceTree = "<group>"; };
		730DB2F91EFBB2C3001495EF /* IRANSans(FaNum)_Bold.ttf */ = {isa = PBXFileReference; lastKnownFileType = file; path = "IRANSans(FaNum)_Bold.ttf"; sourceTree = "<group>"; };
		730DB2FA1EFBB2C3001495EF /* IRANSans(FaNum)_Light.ttf */ = {isa = PBXFileReference; lastKnownFileType = file; path = "IRANSans(FaNum)_Light.ttf"; sourceTree = "<group>"; };
		730DB2FB1EFBB2C3001495EF /* IRANSans(FaNum)_Medium.ttf */ = {isa = PBXFileReference; lastKnownFileType = file; path = "IRANSans(FaNum)_Medium.ttf"; sourceTree = "<group>"; };
		730DB2FC1EFBB2C3001495EF /* IRANSans(FaNum)_UltraLight.ttf */ = {isa = PBXFileReference; lastKnownFileType = file; path = "IRANSans(FaNum)_UltraLight.ttf"; sourceTree = "<group>"; };
		730DB2FD1EFBB2C3001495EF /* IRANSans(FaNum).ttf */ = {isa = PBXFileReference; lastKnownFileType = file; path = "IRANSans(FaNum).ttf"; sourceTree = "<group>"; };
		730DB3051EFBE07B001495EF /* BuyViewController.swift */ = {isa = PBXFileReference; fileEncoding = 4; lastKnownFileType = sourcecode.swift; name = BuyViewController.swift; path = Controllers/BuyViewController.swift; sourceTree = "<group>"; };
		88B9190A548FDD9CB8428D7D /* Pods-PeriodTracker.debug.xcconfig */ = {isa = PBXFileReference; includeInIndex = 1; lastKnownFileType = text.xcconfig; name = "Pods-PeriodTracker.debug.xcconfig"; path = "Pods/Target Support Files/Pods-PeriodTracker/Pods-PeriodTracker.debug.xcconfig"; sourceTree = "<group>"; };
		E9429A523F682D67B99B203A /* Pods_PeriodTracker.framework */ = {isa = PBXFileReference; explicitFileType = wrapper.framework; includeInIndex = 0; path = Pods_PeriodTracker.framework; sourceTree = BUILT_PRODUCTS_DIR; };
/* End PBXFileReference section */

/* Begin PBXFrameworksBuildPhase section */
		55B9BD2F1EF94ADE00F75794 /* Frameworks */ = {
			isa = PBXFrameworksBuildPhase;
			buildActionMask = 2147483647;
			files = (
				A0A9058E2F1C5CF4528719D4 /* Pods_PeriodTracker.framework in Frameworks */,
			);
			runOnlyForDeploymentPostprocessing = 0;
		};
/* End PBXFrameworksBuildPhase section */

/* Begin PBXGroup section */
		08ADBFE0F03EA28EB31F2B00 /* Pods */ = {
			isa = PBXGroup;
			children = (
				88B9190A548FDD9CB8428D7D /* Pods-PeriodTracker.debug.xcconfig */,
				3E8A2305E983DFAE6FF8EC23 /* Pods-PeriodTracker.release.xcconfig */,
			);
			name = Pods;
			sourceTree = "<group>";
		};
		0B31585D3726198C9F573533 /* Frameworks */ = {
			isa = PBXGroup;
			children = (
				E9429A523F682D67B99B203A /* Pods_PeriodTracker.framework */,
			);
			name = Frameworks;
			sourceTree = "<group>";
		};
		55445B051EFA7AD30073DC75 /* Components */ = {
			isa = PBXGroup;
			children = (
				55445B081EFA9AFB0073DC75 /* LogoView.swift */,
			);
			name = Components;
			sourceTree = "<group>";
		};
		557F959D1EFE625E00D1D68A /* Utilities */ = {
			isa = PBXGroup;
			children = (
				557F959E1EFE628A00D1D68A /* Reachability.swift */,
				556CF44A1F0135A100E3456B /* Utility.swift */,
				553039D21F025EA600C8EF07 /* Colors.swift */,
			);
			name = Utilities;
			sourceTree = "<group>";
		};
		557F95A21EFEA90600D1D68A /* Cell */ = {
			isa = PBXGroup;
			children = (
				557F95A31EFEA96400D1D68A /* MonthTableViewCell.swift */,
				557F95A51EFEA9BF00D1D68A /* DayCollectionViewCell.swift */,
				5518D2A41F06D4BE001EB0B3 /* WeekCollectionViewCell.swift */,
				55FE27881F0E5DD70042DBD3 /* MoodsCollectionViewCell.swift */,
				55FE278A1F0E5E390042DBD3 /* MoodCollectionViewCell.swift */,
				55CF83301F16867E00212BFF /* MoodValueCollectionViewCell.swift */,
				5537E5A31F1CE48A00C479F1 /* MoodSelectorTableViewCell.swift */,
			);
			name = Cell;
			sourceTree = "<group>";
		};
		55B9BD291EF94ADE00F75794 = {
			isa = PBXGroup;
			children = (
				55B9BD341EF94ADE00F75794 /* PeriodTracker */,
				55B9BD331EF94ADE00F75794 /* Products */,
				08ADBFE0F03EA28EB31F2B00 /* Pods */,
				0B31585D3726198C9F573533 /* Frameworks */,
			);
			sourceTree = "<group>";
		};
		55B9BD331EF94ADE00F75794 /* Products */ = {
			isa = PBXGroup;
			children = (
				55B9BD321EF94ADE00F75794 /* PeriodTracker.app */,
			);
			name = Products;
			sourceTree = "<group>";
		};
		55B9BD341EF94ADE00F75794 /* PeriodTracker */ = {
			isa = PBXGroup;
			children = (
				557F95A21EFEA90600D1D68A /* Cell */,
				557F959D1EFE625E00D1D68A /* Utilities */,
				55CC458F1EFBD32D00E34DD3 /* Database */,
				55CC45861EFBB4CD00E34DD3 /* API */,
				55445B051EFA7AD30073DC75 /* Components */,
				730DB3041EFBE004001495EF /* Controllers */,
				55B9BD351EF94ADE00F75794 /* AppDelegate.swift */,
				55B9BD371EF94ADE00F75794 /* ViewController.swift */,
				55B9BD391EF94ADE00F75794 /* Main.storyboard */,
				55B9BD3C1EF94ADE00F75794 /* Assets.xcassets */,
				55B9BD3E1EF94ADE00F75794 /* LaunchScreen.storyboard */,
				55B9BD411EF94ADE00F75794 /* Info.plist */,
				730DB2F71EFBB29C001495EF /* Resources */,
			);
			path = PeriodTracker;
			sourceTree = "<group>";
		};
		55CC45861EFBB4CD00E34DD3 /* API */ = {
			isa = PBXGroup;
			children = (
				55CC458D1EFBC88000E34DD3 /* PeriodTrackerRouter.swift */,
			);
			name = API;
			sourceTree = "<group>";
		};
		55CC458F1EFBD32D00E34DD3 /* Database */ = {
			isa = PBXGroup;
			children = (
				55CC45901EFBDB1F00E34DD3 /* User.swift */,
				556CA07A1EFBDE8B008C5EA1 /* Setup.swift */,
				556CA07C1EFBDEF5008C5EA1 /* Log.swift */,
				556CA07E1EFBE2A3008C5EA1 /* Mood.swift */,
				556CA0801EFBE445008C5EA1 /* LogMood.swift */,
				556CA0821EFBE522008C5EA1 /* Setting.swift */,
				556CA0841EFBE587008C5EA1 /* Information.swift */,
			);
			name = Database;
			sourceTree = "<group>";
		};
		730DB2F71EFBB29C001495EF /* Resources */ = {
			isa = PBXGroup;
			children = (
				551145551F0AC92700C2C08B /* mood.json */,
				730DB2F91EFBB2C3001495EF /* IRANSans(FaNum)_Bold.ttf */,
				730DB2FA1EFBB2C3001495EF /* IRANSans(FaNum)_Light.ttf */,
				730DB2FB1EFBB2C3001495EF /* IRANSans(FaNum)_Medium.ttf */,
				730DB2FC1EFBB2C3001495EF /* IRANSans(FaNum)_UltraLight.ttf */,
				730DB2FD1EFBB2C3001495EF /* IRANSans(FaNum).ttf */,
			);
			name = Resources;
			sourceTree = "<group>";
		};
		730DB3041EFBE004001495EF /* Controllers */ = {
			isa = PBXGroup;
			children = (
				730DB3051EFBE07B001495EF /* BuyViewController.swift */,
				557F95A01EFE9FCB00D1D68A /* CalendarViewController.swift */,
				5518D2A21F06CEE6001EB0B3 /* DayLogViewController.swift */,
				55FF9A4A1F1E22BB006281F7 /* MoodSelectorViewController.swift */,
				55EAEB581F209F140034E0D0 /* SetupPageViewController.swift */,
				55EAEB5A1F20B6800034E0D0 /* LastPeriodViewController.swift */,
				5506D5671F21D15F00F66E6D /* CycleLengthViewController.swift */,
				5506D5691F21D17900F66E6D /* PeriodLengthViewController.swift */,
				5535EB621F25F926007D70F5 /* AboutLastPeriodViewController.swift */,
			);
			name = Controllers;
			sourceTree = "<group>";
		};
/* End PBXGroup section */

/* Begin PBXNativeTarget section */
		55B9BD311EF94ADE00F75794 /* PeriodTracker */ = {
			isa = PBXNativeTarget;
			buildConfigurationList = 55B9BD441EF94ADE00F75794 /* Build configuration list for PBXNativeTarget "PeriodTracker" */;
			buildPhases = (
				CDCF98458082E3F9F787362D /* [CP] Check Pods Manifest.lock */,
				55B9BD2E1EF94ADE00F75794 /* Sources */,
				55B9BD2F1EF94ADE00F75794 /* Frameworks */,
				55B9BD301EF94ADE00F75794 /* Resources */,
				2D4192A9402CB83BFBE466A5 /* [CP] Embed Pods Frameworks */,
				F44F77D52C5624C0BB771025 /* [CP] Copy Pods Resources */,
			);
			buildRules = (
			);
			dependencies = (
			);
			name = PeriodTracker;
			productName = PeriodTracker;
			productReference = 55B9BD321EF94ADE00F75794 /* PeriodTracker.app */;
			productType = "com.apple.product-type.application";
		};
/* End PBXNativeTarget section */

/* Begin PBXProject section */
		55B9BD2A1EF94ADE00F75794 /* Project object */ = {
			isa = PBXProject;
			attributes = {
				LastSwiftUpdateCheck = 0830;
				LastUpgradeCheck = 0830;
				ORGANIZATIONNAME = "Mahdiar ";
				TargetAttributes = {
					55B9BD311EF94ADE00F75794 = {
						CreatedOnToolsVersion = 8.3.2;
						DevelopmentTeam = JBW63E2G5G;
						ProvisioningStyle = Automatic;
					};
				};
			};
			buildConfigurationList = 55B9BD2D1EF94ADE00F75794 /* Build configuration list for PBXProject "PeriodTracker" */;
			compatibilityVersion = "Xcode 3.2";
			developmentRegion = English;
			hasScannedForEncodings = 0;
			knownRegions = (
				en,
				Base,
			);
			mainGroup = 55B9BD291EF94ADE00F75794;
			productRefGroup = 55B9BD331EF94ADE00F75794 /* Products */;
			projectDirPath = "";
			projectRoot = "";
			targets = (
				55B9BD311EF94ADE00F75794 /* PeriodTracker */,
			);
		};
/* End PBXProject section */

/* Begin PBXResourcesBuildPhase section */
		55B9BD301EF94ADE00F75794 /* Resources */ = {
			isa = PBXResourcesBuildPhase;
			buildActionMask = 2147483647;
			files = (
				730DB3021EFBB2C3001495EF /* IRANSans(FaNum)_UltraLight.ttf in Resources */,
				55B9BD401EF94ADE00F75794 /* LaunchScreen.storyboard in Resources */,
				551145561F0AC92700C2C08B /* mood.json in Resources */,
				55B9BD3D1EF94ADE00F75794 /* Assets.xcassets in Resources */,
				55B9BD3B1EF94ADE00F75794 /* Main.storyboard in Resources */,
				730DB3011EFBB2C3001495EF /* IRANSans(FaNum)_Medium.ttf in Resources */,
				730DB2FF1EFBB2C3001495EF /* IRANSans(FaNum)_Bold.ttf in Resources */,
				730DB3031EFBB2C3001495EF /* IRANSans(FaNum).ttf in Resources */,
				730DB3001EFBB2C3001495EF /* IRANSans(FaNum)_Light.ttf in Resources */,
			);
			runOnlyForDeploymentPostprocessing = 0;
		};
/* End PBXResourcesBuildPhase section */

/* Begin PBXShellScriptBuildPhase section */
		2D4192A9402CB83BFBE466A5 /* [CP] Embed Pods Frameworks */ = {
			isa = PBXShellScriptBuildPhase;
			buildActionMask = 2147483647;
			files = (
			);
			inputPaths = (
			);
			name = "[CP] Embed Pods Frameworks";
			outputPaths = (
			);
			runOnlyForDeploymentPostprocessing = 0;
			shellPath = /bin/sh;
			shellScript = "\"${SRCROOT}/Pods/Target Support Files/Pods-PeriodTracker/Pods-PeriodTracker-frameworks.sh\"\n";
			showEnvVarsInLog = 0;
		};
		CDCF98458082E3F9F787362D /* [CP] Check Pods Manifest.lock */ = {
			isa = PBXShellScriptBuildPhase;
			buildActionMask = 2147483647;
			files = (
			);
			inputPaths = (
			);
			name = "[CP] Check Pods Manifest.lock";
			outputPaths = (
			);
			runOnlyForDeploymentPostprocessing = 0;
			shellPath = /bin/sh;
			shellScript = "diff \"${PODS_ROOT}/../Podfile.lock\" \"${PODS_ROOT}/Manifest.lock\" > /dev/null\nif [ $? != 0 ] ; then\n    # print error to STDERR\n    echo \"error: The sandbox is not in sync with the Podfile.lock. Run 'pod install' or update your CocoaPods installation.\" >&2\n    exit 1\nfi\n";
			showEnvVarsInLog = 0;
		};
		F44F77D52C5624C0BB771025 /* [CP] Copy Pods Resources */ = {
			isa = PBXShellScriptBuildPhase;
			buildActionMask = 2147483647;
			files = (
			);
			inputPaths = (
			);
			name = "[CP] Copy Pods Resources";
			outputPaths = (
			);
			runOnlyForDeploymentPostprocessing = 0;
			shellPath = /bin/sh;
			shellScript = "\"${SRCROOT}/Pods/Target Support Files/Pods-PeriodTracker/Pods-PeriodTracker-resources.sh\"\n";
			showEnvVarsInLog = 0;
		};
/* End PBXShellScriptBuildPhase section */

/* Begin PBXSourcesBuildPhase section */
		55B9BD2E1EF94ADE00F75794 /* Sources */ = {
			isa = PBXSourcesBuildPhase;
			buildActionMask = 2147483647;
			files = (
				556CA0851EFBE587008C5EA1 /* Information.swift in Sources */,
				553039D31F025EA600C8EF07 /* Colors.swift in Sources */,
				557F95A41EFEA96400D1D68A /* MonthTableViewCell.swift in Sources */,
				55FF9A4B1F1E22BB006281F7 /* MoodSelectorViewController.swift in Sources */,
				55FE278B1F0E5E390042DBD3 /* MoodCollectionViewCell.swift in Sources */,
				556CA0831EFBE522008C5EA1 /* Setting.swift in Sources */,
				55B9BD381EF94ADE00F75794 /* ViewController.swift in Sources */,
				55EAEB591F209F150034E0D0 /* SetupPageViewController.swift in Sources */,
				55CF83311F16867E00212BFF /* MoodValueCollectionViewCell.swift in Sources */,
				556CA0811EFBE445008C5EA1 /* LogMood.swift in Sources */,
				556CA07D1EFBDEF5008C5EA1 /* Log.swift in Sources */,
				556CA07B1EFBDE8B008C5EA1 /* Setup.swift in Sources */,
				730DB3061EFBE07C001495EF /* BuyViewController.swift in Sources */,
				5537E5A41F1CE48A00C479F1 /* MoodSelectorTableViewCell.swift in Sources */,
				5518D2A31F06CEE6001EB0B3 /* DayLogViewController.swift in Sources */,
				55445B091EFA9AFB0073DC75 /* LogoView.swift in Sources */,
				55FE27891F0E5DD70042DBD3 /* MoodsCollectionViewCell.swift in Sources */,
				556CA07F1EFBE2A3008C5EA1 /* Mood.swift in Sources */,
				55EAEB5B1F20B6800034E0D0 /* LastPeriodViewController.swift in Sources */,
				55CC458E1EFBC88000E34DD3 /* PeriodTrackerRouter.swift in Sources */,
				557F95A61EFEA9BF00D1D68A /* DayCollectionViewCell.swift in Sources */,
				55CC45911EFBDB1F00E34DD3 /* User.swift in Sources */,
				55B9BD361EF94ADE00F75794 /* AppDelegate.swift in Sources */,
				5535EB631F25F926007D70F5 /* AboutLastPeriodViewController.swift in Sources */,
				557F95A11EFE9FCB00D1D68A /* CalendarViewController.swift in Sources */,
				557F959F1EFE628A00D1D68A /* Reachability.swift in Sources */,
				5506D56A1F21D17900F66E6D /* PeriodLengthViewController.swift in Sources */,
				5518D2A51F06D4BE001EB0B3 /* WeekCollectionViewCell.swift in Sources */,
				556CF44B1F0135A100E3456B /* Utility.swift in Sources */,
				5506D5681F21D15F00F66E6D /* CycleLengthViewController.swift in Sources */,
			);
			runOnlyForDeploymentPostprocessing = 0;
		};
/* End PBXSourcesBuildPhase section */

/* Begin PBXVariantGroup section */
		55B9BD391EF94ADE00F75794 /* Main.storyboard */ = {
			isa = PBXVariantGroup;
			children = (
				55B9BD3A1EF94ADE00F75794 /* Base */,
			);
			name = Main.storyboard;
			sourceTree = "<group>";
		};
		55B9BD3E1EF94ADE00F75794 /* LaunchScreen.storyboard */ = {
			isa = PBXVariantGroup;
			children = (
				55B9BD3F1EF94ADE00F75794 /* Base */,
			);
			name = LaunchScreen.storyboard;
			sourceTree = "<group>";
		};
/* End PBXVariantGroup section */

/* Begin XCBuildConfiguration section */
		55B9BD421EF94ADE00F75794 /* Debug */ = {
			isa = XCBuildConfiguration;
			buildSettings = {
				ALWAYS_SEARCH_USER_PATHS = NO;
				CLANG_ANALYZER_NONNULL = YES;
				CLANG_ANALYZER_NUMBER_OBJECT_CONVERSION = YES_AGGRESSIVE;
				CLANG_CXX_LANGUAGE_STANDARD = "gnu++0x";
				CLANG_CXX_LIBRARY = "libc++";
				CLANG_ENABLE_MODULES = YES;
				CLANG_ENABLE_OBJC_ARC = YES;
				CLANG_WARN_BOOL_CONVERSION = YES;
				CLANG_WARN_CONSTANT_CONVERSION = YES;
				CLANG_WARN_DIRECT_OBJC_ISA_USAGE = YES_ERROR;
				CLANG_WARN_DOCUMENTATION_COMMENTS = YES;
				CLANG_WARN_EMPTY_BODY = YES;
				CLANG_WARN_ENUM_CONVERSION = YES;
				CLANG_WARN_INFINITE_RECURSION = YES;
				CLANG_WARN_INT_CONVERSION = YES;
				CLANG_WARN_OBJC_ROOT_CLASS = YES_ERROR;
				CLANG_WARN_SUSPICIOUS_MOVE = YES;
				CLANG_WARN_UNREACHABLE_CODE = YES;
				CLANG_WARN__DUPLICATE_METHOD_MATCH = YES;
				"CODE_SIGN_IDENTITY[sdk=iphoneos*]" = "iPhone Developer";
				COPY_PHASE_STRIP = NO;
				DEBUG_INFORMATION_FORMAT = dwarf;
				ENABLE_STRICT_OBJC_MSGSEND = YES;
				ENABLE_TESTABILITY = YES;
				GCC_C_LANGUAGE_STANDARD = gnu99;
				GCC_DYNAMIC_NO_PIC = NO;
				GCC_NO_COMMON_BLOCKS = YES;
				GCC_OPTIMIZATION_LEVEL = 0;
				GCC_PREPROCESSOR_DEFINITIONS = (
					"DEBUG=1",
					"$(inherited)",
				);
				GCC_WARN_64_TO_32_BIT_CONVERSION = YES;
				GCC_WARN_ABOUT_RETURN_TYPE = YES_ERROR;
				GCC_WARN_UNDECLARED_SELECTOR = YES;
				GCC_WARN_UNINITIALIZED_AUTOS = YES_AGGRESSIVE;
				GCC_WARN_UNUSED_FUNCTION = YES;
				GCC_WARN_UNUSED_VARIABLE = YES;
				IPHONEOS_DEPLOYMENT_TARGET = 10.3;
				MTL_ENABLE_DEBUG_INFO = YES;
				ONLY_ACTIVE_ARCH = YES;
				SDKROOT = iphoneos;
				SWIFT_ACTIVE_COMPILATION_CONDITIONS = DEBUG;
				SWIFT_OPTIMIZATION_LEVEL = "-Onone";
			};
			name = Debug;
		};
		55B9BD431EF94ADE00F75794 /* Release */ = {
			isa = XCBuildConfiguration;
			buildSettings = {
				ALWAYS_SEARCH_USER_PATHS = NO;
				CLANG_ANALYZER_NONNULL = YES;
				CLANG_ANALYZER_NUMBER_OBJECT_CONVERSION = YES_AGGRESSIVE;
				CLANG_CXX_LANGUAGE_STANDARD = "gnu++0x";
				CLANG_CXX_LIBRARY = "libc++";
				CLANG_ENABLE_MODULES = YES;
				CLANG_ENABLE_OBJC_ARC = YES;
				CLANG_WARN_BOOL_CONVERSION = YES;
				CLANG_WARN_CONSTANT_CONVERSION = YES;
				CLANG_WARN_DIRECT_OBJC_ISA_USAGE = YES_ERROR;
				CLANG_WARN_DOCUMENTATION_COMMENTS = YES;
				CLANG_WARN_EMPTY_BODY = YES;
				CLANG_WARN_ENUM_CONVERSION = YES;
				CLANG_WARN_INFINITE_RECURSION = YES;
				CLANG_WARN_INT_CONVERSION = YES;
				CLANG_WARN_OBJC_ROOT_CLASS = YES_ERROR;
				CLANG_WARN_SUSPICIOUS_MOVE = YES;
				CLANG_WARN_UNREACHABLE_CODE = YES;
				CLANG_WARN__DUPLICATE_METHOD_MATCH = YES;
				"CODE_SIGN_IDENTITY[sdk=iphoneos*]" = "iPhone Developer";
				COPY_PHASE_STRIP = NO;
				DEBUG_INFORMATION_FORMAT = "dwarf-with-dsym";
				ENABLE_NS_ASSERTIONS = NO;
				ENABLE_STRICT_OBJC_MSGSEND = YES;
				GCC_C_LANGUAGE_STANDARD = gnu99;
				GCC_NO_COMMON_BLOCKS = YES;
				GCC_WARN_64_TO_32_BIT_CONVERSION = YES;
				GCC_WARN_ABOUT_RETURN_TYPE = YES_ERROR;
				GCC_WARN_UNDECLARED_SELECTOR = YES;
				GCC_WARN_UNINITIALIZED_AUTOS = YES_AGGRESSIVE;
				GCC_WARN_UNUSED_FUNCTION = YES;
				GCC_WARN_UNUSED_VARIABLE = YES;
				IPHONEOS_DEPLOYMENT_TARGET = 10.3;
				MTL_ENABLE_DEBUG_INFO = NO;
				SDKROOT = iphoneos;
				SWIFT_OPTIMIZATION_LEVEL = "-Owholemodule";
				VALIDATE_PRODUCT = YES;
			};
			name = Release;
		};
		55B9BD451EF94ADE00F75794 /* Debug */ = {
			isa = XCBuildConfiguration;
			baseConfigurationReference = 88B9190A548FDD9CB8428D7D /* Pods-PeriodTracker.debug.xcconfig */;
			buildSettings = {
				ASSETCATALOG_COMPILER_APPICON_NAME = AppIcon;
				DEVELOPMENT_TEAM = JBW63E2G5G;
				INFOPLIST_FILE = PeriodTracker/Info.plist;
				LD_RUNPATH_SEARCH_PATHS = "$(inherited) @executable_path/Frameworks";
				PRODUCT_BUNDLE_IDENTIFIER = ir.periodtracker.PeriodTracker;
				PRODUCT_NAME = "$(TARGET_NAME)";
				SWIFT_VERSION = 3.0;
			};
			name = Debug;
		};
		55B9BD461EF94ADE00F75794 /* Release */ = {
			isa = XCBuildConfiguration;
			baseConfigurationReference = 3E8A2305E983DFAE6FF8EC23 /* Pods-PeriodTracker.release.xcconfig */;
			buildSettings = {
				ASSETCATALOG_COMPILER_APPICON_NAME = AppIcon;
				DEVELOPMENT_TEAM = JBW63E2G5G;
				INFOPLIST_FILE = PeriodTracker/Info.plist;
				LD_RUNPATH_SEARCH_PATHS = "$(inherited) @executable_path/Frameworks";
				PRODUCT_BUNDLE_IDENTIFIER = ir.periodtracker.PeriodTracker;
				PRODUCT_NAME = "$(TARGET_NAME)";
				SWIFT_VERSION = 3.0;
			};
			name = Release;
		};
/* End XCBuildConfiguration section */

/* Begin XCConfigurationList section */
		55B9BD2D1EF94ADE00F75794 /* Build configuration list for PBXProject "PeriodTracker" */ = {
			isa = XCConfigurationList;
			buildConfigurations = (
				55B9BD421EF94ADE00F75794 /* Debug */,
				55B9BD431EF94ADE00F75794 /* Release */,
			);
			defaultConfigurationIsVisible = 0;
			defaultConfigurationName = Release;
		};
		55B9BD441EF94ADE00F75794 /* Build configuration list for PBXNativeTarget "PeriodTracker" */ = {
			isa = XCConfigurationList;
			buildConfigurations = (
				55B9BD451EF94ADE00F75794 /* Debug */,
				55B9BD461EF94ADE00F75794 /* Release */,
			);
			defaultConfigurationIsVisible = 0;
			defaultConfigurationName = Release;
		};
/* End XCConfigurationList section */
	};
	rootObject = 55B9BD2A1EF94ADE00F75794 /* Project object */;
}
