// !$*UTF8*$!
{
	archiveVersion = 1;
	classes = {
	};
	objectVersion = 46;
	objects = {

/* Begin PBXBuildFile section */
		55016A6D1F290F3E00EC567E /* PeriodLengthSelectorViewController.swift in Sources */ = {isa = PBXBuildFile; fileRef = 55016A6C1F290F3E00EC567E /* PeriodLengthSelectorViewController.swift */; };
		55016A6F1F29C22F00EC567E /* CycleViewController.swift in Sources */ = {isa = PBXBuildFile; fileRef = 55016A6E1F29C22F00EC567E /* CycleViewController.swift */; };
		55016A741F29C30100EC567E /* CircleOption.swift in Sources */ = {isa = PBXBuildFile; fileRef = 55016A731F29C30100EC567E /* CircleOption.swift */; };
		5505E91C1F30AF7500379085 /* Extensions.swift in Sources */ = {isa = PBXBuildFile; fileRef = 5505E91B1F30AF7500379085 /* Extensions.swift */; };
		550630EB1FF228AE009145C4 /* AddTopicViewController.swift in Sources */ = {isa = PBXBuildFile; fileRef = 550630EA1FF228AE009145C4 /* AddTopicViewController.swift */; };
		550630ED1FF239B8009145C4 /* Success.swift in Sources */ = {isa = PBXBuildFile; fileRef = 550630EC1FF239B8009145C4 /* Success.swift */; };
		550630EF1FF260C5009145C4 /* TopicViewController.swift in Sources */ = {isa = PBXBuildFile; fileRef = 550630EE1FF260C5009145C4 /* TopicViewController.swift */; };
		550630F11FF264EA009145C4 /* MessageTableViewCell.swift in Sources */ = {isa = PBXBuildFile; fileRef = 550630F01FF264EA009145C4 /* MessageTableViewCell.swift */; };
		5506D5681F21D15F00F66E6D /* CycleLengthViewController.swift in Sources */ = {isa = PBXBuildFile; fileRef = 5506D5671F21D15F00F66E6D /* CycleLengthViewController.swift */; };
		5506D56A1F21D17900F66E6D /* PeriodLengthViewController.swift in Sources */ = {isa = PBXBuildFile; fileRef = 5506D5691F21D17900F66E6D /* PeriodLengthViewController.swift */; };
		550AC31C1F4D5B1D0067A804 /* IRAN Kharazmi.ttf in Resources */ = {isa = PBXBuildFile; fileRef = 550AC31B1F4D5B1D0067A804 /* IRAN Kharazmi.ttf */; };
		550AC3201F4D5B980067A804 /* IRANYekanMobileBold.ttf in Resources */ = {isa = PBXBuildFile; fileRef = 550AC31D1F4D5B980067A804 /* IRANYekanMobileBold.ttf */; };
		550AC3211F4D5B980067A804 /* IRANYekanMobileLight.ttf in Resources */ = {isa = PBXBuildFile; fileRef = 550AC31E1F4D5B980067A804 /* IRANYekanMobileLight.ttf */; };
		550AC3221F4D5B980067A804 /* IRANYekanMobileRegular.ttf in Resources */ = {isa = PBXBuildFile; fileRef = 550AC31F1F4D5B980067A804 /* IRANYekanMobileRegular.ttf */; };
		550AC3261F4DC62D0067A804 /* Category.swift in Sources */ = {isa = PBXBuildFile; fileRef = 550AC3251F4DC62D0067A804 /* Category.swift */; };
		550AC3281F4DC6E80067A804 /* ArticleCategoryCollectionViewCell.swift in Sources */ = {isa = PBXBuildFile; fileRef = 550AC3271F4DC6E80067A804 /* ArticleCategoryCollectionViewCell.swift */; };
		551145561F0AC92700C2C08B /* mood.json in Resources */ = {isa = PBXBuildFile; fileRef = 551145551F0AC92700C2C08B /* mood.json */; };
		5518D2A31F06CEE6001EB0B3 /* DayLogViewController.swift in Sources */ = {isa = PBXBuildFile; fileRef = 5518D2A21F06CEE6001EB0B3 /* DayLogViewController.swift */; };
		5518D2A51F06D4BE001EB0B3 /* WeekCollectionViewCell.swift in Sources */ = {isa = PBXBuildFile; fileRef = 5518D2A41F06D4BE001EB0B3 /* WeekCollectionViewCell.swift */; };
		551AD1AE1F3F3B28003167E0 /* GuideViewController.swift in Sources */ = {isa = PBXBuildFile; fileRef = 551AD1AD1F3F3B28003167E0 /* GuideViewController.swift */; };
		551AD1B01F3F3D87003167E0 /* Guide.swift in Sources */ = {isa = PBXBuildFile; fileRef = 551AD1AF1F3F3D87003167E0 /* Guide.swift */; };
		551AD1B21F3F3F2F003167E0 /* Guide.plist in Resources */ = {isa = PBXBuildFile; fileRef = 551AD1B11F3F3F2F003167E0 /* Guide.plist */; };
		551AD1B41F3F45BD003167E0 /* translate-fa.plist in Resources */ = {isa = PBXBuildFile; fileRef = 551AD1B31F3F45BD003167E0 /* translate-fa.plist */; };
		551CCCC11F55884900AE84EC /* NotificationService.swift in Sources */ = {isa = PBXBuildFile; fileRef = 551CCCC01F55884900AE84EC /* NotificationService.swift */; };
		551CCCC51F55884900AE84EC /* OneSignalNotificationServiceExtension.appex in Embed App Extensions */ = {isa = PBXBuildFile; fileRef = 551CCCBE1F55884800AE84EC /* OneSignalNotificationServiceExtension.appex */; settings = {ATTRIBUTES = (RemoveHeadersOnCopy, ); }; };
		5520DE7F1F302CEB0003A844 /* PregnantViewController.swift in Sources */ = {isa = PBXBuildFile; fileRef = 5520DE7E1F302CEB0003A844 /* PregnantViewController.swift */; };
		553039D31F025EA600C8EF07 /* Colors.swift in Sources */ = {isa = PBXBuildFile; fileRef = 553039D21F025EA600C8EF07 /* Colors.swift */; };
		5535EB631F25F926007D70F5 /* AboutLastPeriodViewController.swift in Sources */ = {isa = PBXBuildFile; fileRef = 5535EB621F25F926007D70F5 /* AboutLastPeriodViewController.swift */; };
		5537E5A41F1CE48A00C479F1 /* MoodSelectorTableViewCell.swift in Sources */ = {isa = PBXBuildFile; fileRef = 5537E5A31F1CE48A00C479F1 /* MoodSelectorTableViewCell.swift */; };
		5539632F1F4EF4F4003E0CFC /* ArticleCommentCollectionViewCell.swift in Sources */ = {isa = PBXBuildFile; fileRef = 5539632E1F4EF4F4003E0CFC /* ArticleCommentCollectionViewCell.swift */; };
		5539B1071F3C27F300872983 /* ActivityIndicatorCollectionViewCell.swift in Sources */ = {isa = PBXBuildFile; fileRef = 5539B1061F3C27F300872983 /* ActivityIndicatorCollectionViewCell.swift */; };
		55445B091EFA9AFB0073DC75 /* LogoView.swift in Sources */ = {isa = PBXBuildFile; fileRef = 55445B081EFA9AFB0073DC75 /* LogoView.swift */; };
		5552351A1F485644006B402F /* PricingViewController.swift in Sources */ = {isa = PBXBuildFile; fileRef = 555235191F485644006B402F /* PricingViewController.swift */; };
		5552351C1F487944006B402F /* PricingCollectionViewCell.swift in Sources */ = {isa = PBXBuildFile; fileRef = 5552351B1F487944006B402F /* PricingCollectionViewCell.swift */; };
		5552351E1F4879C5006B402F /* Pricing.swift in Sources */ = {isa = PBXBuildFile; fileRef = 5552351D1F4879C5006B402F /* Pricing.swift */; };
		556CA07B1EFBDE8B008C5EA1 /* Setup.swift in Sources */ = {isa = PBXBuildFile; fileRef = 556CA07A1EFBDE8B008C5EA1 /* Setup.swift */; };
		556CA07D1EFBDEF5008C5EA1 /* Log.swift in Sources */ = {isa = PBXBuildFile; fileRef = 556CA07C1EFBDEF5008C5EA1 /* Log.swift */; };
		556CA07F1EFBE2A3008C5EA1 /* Mood.swift in Sources */ = {isa = PBXBuildFile; fileRef = 556CA07E1EFBE2A3008C5EA1 /* Mood.swift */; };
		556CA0811EFBE445008C5EA1 /* LogMood.swift in Sources */ = {isa = PBXBuildFile; fileRef = 556CA0801EFBE445008C5EA1 /* LogMood.swift */; };
		556CA0831EFBE522008C5EA1 /* Setting.swift in Sources */ = {isa = PBXBuildFile; fileRef = 556CA0821EFBE522008C5EA1 /* Setting.swift */; };
		556CA0851EFBE587008C5EA1 /* Information.swift in Sources */ = {isa = PBXBuildFile; fileRef = 556CA0841EFBE587008C5EA1 /* Information.swift */; };
		556CF44B1F0135A100E3456B /* Utility.swift in Sources */ = {isa = PBXBuildFile; fileRef = 556CF44A1F0135A100E3456B /* Utility.swift */; };
		556FB7DA1F36D34D006DDAB9 /* SettingModel.swift in Sources */ = {isa = PBXBuildFile; fileRef = 556FB7D91F36D34D006DDAB9 /* SettingModel.swift */; };
		556FB7DE1F372844006DDAB9 /* ArticleViewController.swift in Sources */ = {isa = PBXBuildFile; fileRef = 556FB7DD1F372844006DDAB9 /* ArticleViewController.swift */; };
		556FB7E21F37365C006DDAB9 /* Article.swift in Sources */ = {isa = PBXBuildFile; fileRef = 556FB7E11F37365C006DDAB9 /* Article.swift */; };
		556FB7E41F382768006DDAB9 /* Config.swift in Sources */ = {isa = PBXBuildFile; fileRef = 556FB7E31F382768006DDAB9 /* Config.swift */; };
		556FB7E61F3848AC006DDAB9 /* ArticlePageViewController.swift in Sources */ = {isa = PBXBuildFile; fileRef = 556FB7E51F3848AC006DDAB9 /* ArticlePageViewController.swift */; };
		556FB7E81F3850F6006DDAB9 /* AttributeTextCollectionViewCell.swift in Sources */ = {isa = PBXBuildFile; fileRef = 556FB7E71F3850F6006DDAB9 /* AttributeTextCollectionViewCell.swift */; };
		556FB7EE1F3851C6006DDAB9 /* Item.swift in Sources */ = {isa = PBXBuildFile; fileRef = 556FB7ED1F3851C6006DDAB9 /* Item.swift */; };
		556FB7F21F387016006DDAB9 /* TextAttribute.swift in Sources */ = {isa = PBXBuildFile; fileRef = 556FB7F11F387016006DDAB9 /* TextAttribute.swift */; };
		556FB7F41F38876B006DDAB9 /* ImageCollectionViewCell.swift in Sources */ = {isa = PBXBuildFile; fileRef = 556FB7F31F38876B006DDAB9 /* ImageCollectionViewCell.swift */; };
		556FB7F61F398884006DDAB9 /* ArticleCollectionViewCell.swift in Sources */ = {isa = PBXBuildFile; fileRef = 556FB7F51F398884006DDAB9 /* ArticleCollectionViewCell.swift */; };
		556FB7F81F399B68006DDAB9 /* MyTabBarController.swift in Sources */ = {isa = PBXBuildFile; fileRef = 556FB7F71F399B68006DDAB9 /* MyTabBarController.swift */; };
		55743EBD1F3B59BC003FF4EC /* Image.swift in Sources */ = {isa = PBXBuildFile; fileRef = 55743EBC1F3B59BC003FF4EC /* Image.swift */; };
		557F959F1EFE628A00D1D68A /* Reachability.swift in Sources */ = {isa = PBXBuildFile; fileRef = 557F959E1EFE628A00D1D68A /* Reachability.swift */; };
		557F95A11EFE9FCB00D1D68A /* CalendarViewController.swift in Sources */ = {isa = PBXBuildFile; fileRef = 557F95A01EFE9FCB00D1D68A /* CalendarViewController.swift */; };
		557F95A41EFEA96400D1D68A /* MonthTableViewCell.swift in Sources */ = {isa = PBXBuildFile; fileRef = 557F95A31EFEA96400D1D68A /* MonthTableViewCell.swift */; };
		557F95A61EFEA9BF00D1D68A /* DayCollectionViewCell.swift in Sources */ = {isa = PBXBuildFile; fileRef = 557F95A51EFEA9BF00D1D68A /* DayCollectionViewCell.swift */; };
		558022601FEFF4C6001A0B58 /* TopicsViewController.swift in Sources */ = {isa = PBXBuildFile; fileRef = 5580225F1FEFF4C6001A0B58 /* TopicsViewController.swift */; };
		5581C35C1F55B53C00A297D7 /* Emoji.swift in Sources */ = {isa = PBXBuildFile; fileRef = 5581C35B1F55B53C00A297D7 /* Emoji.swift */; };
		5581C35E1F55B55100A297D7 /* String+Emoji.swift in Sources */ = {isa = PBXBuildFile; fileRef = 5581C35D1F55B55100A297D7 /* String+Emoji.swift */; };
		559567D91FF0E9DD001A8231 /* Http.swift in Sources */ = {isa = PBXBuildFile; fileRef = 559567D81FF0E9DD001A8231 /* Http.swift */; };
		559567DB1FF0EA81001A8231 /* Topic.swift in Sources */ = {isa = PBXBuildFile; fileRef = 559567DA1FF0EA81001A8231 /* Topic.swift */; };
		559567DD1FF0EB05001A8231 /* Message.swift in Sources */ = {isa = PBXBuildFile; fileRef = 559567DC1FF0EB05001A8231 /* Message.swift */; };
		559567DF1FF0EBB1001A8231 /* Users.swift in Sources */ = {isa = PBXBuildFile; fileRef = 559567DE1FF0EBB1001A8231 /* Users.swift */; };
		559567E11FF0F3F7001A8231 /* TopicTableViewCell.swift in Sources */ = {isa = PBXBuildFile; fileRef = 559567E01FF0F3F7001A8231 /* TopicTableViewCell.swift */; };
		55B958011F35A45A004AAFA3 /* SettingTableViewCell.swift in Sources */ = {isa = PBXBuildFile; fileRef = 55B958001F35A45A004AAFA3 /* SettingTableViewCell.swift */; };
		55B9BD361EF94ADE00F75794 /* AppDelegate.swift in Sources */ = {isa = PBXBuildFile; fileRef = 55B9BD351EF94ADE00F75794 /* AppDelegate.swift */; };
		55B9BD381EF94ADE00F75794 /* ViewController.swift in Sources */ = {isa = PBXBuildFile; fileRef = 55B9BD371EF94ADE00F75794 /* ViewController.swift */; };
		55B9BD3B1EF94ADE00F75794 /* Main.storyboard in Resources */ = {isa = PBXBuildFile; fileRef = 55B9BD391EF94ADE00F75794 /* Main.storyboard */; };
		55B9BD3D1EF94ADE00F75794 /* Assets.xcassets in Resources */ = {isa = PBXBuildFile; fileRef = 55B9BD3C1EF94ADE00F75794 /* Assets.xcassets */; };
		55B9BD401EF94ADE00F75794 /* LaunchScreen.storyboard in Resources */ = {isa = PBXBuildFile; fileRef = 55B9BD3E1EF94ADE00F75794 /* LaunchScreen.storyboard */; };
		55C6E93620C2D24800D158BB /* LicenseViewController.swift in Sources */ = {isa = PBXBuildFile; fileRef = 55C6E93520C2D24800D158BB /* LicenseViewController.swift */; };
		55C6E93820C2D97B00D158BB /* LicenseHelper.swift in Sources */ = {isa = PBXBuildFile; fileRef = 55C6E93720C2D97B00D158BB /* LicenseHelper.swift */; };
		55C6E93A20C2DA8000D158BB /* HttpLicense.swift in Sources */ = {isa = PBXBuildFile; fileRef = 55C6E93920C2DA8000D158BB /* HttpLicense.swift */; };
		55C6E94720C2DBDA00D158BB /* App.swift in Sources */ = {isa = PBXBuildFile; fileRef = 55C6E93D20C2DBD800D158BB /* App.swift */; };
		55C6E94820C2DBDA00D158BB /* Person.swift in Sources */ = {isa = PBXBuildFile; fileRef = 55C6E93E20C2DBD800D158BB /* Person.swift */; };
		55C6E94B20C2DBDA00D158BB /* Level.swift in Sources */ = {isa = PBXBuildFile; fileRef = 55C6E94120C2DBD900D158BB /* Level.swift */; };
		55C6E94C20C2DBDA00D158BB /* Model.swift in Sources */ = {isa = PBXBuildFile; fileRef = 55C6E94220C2DBD900D158BB /* Model.swift */; };
		55C6E94E20C2DBDA00D158BB /* Music.swift in Sources */ = {isa = PBXBuildFile; fileRef = 55C6E94420C2DBD900D158BB /* Music.swift */; };
		55C6E94F20C2DBDA00D158BB /* Activation.swift in Sources */ = {isa = PBXBuildFile; fileRef = 55C6E94520C2DBDA00D158BB /* Activation.swift */; };
		55C6E95020C2DBDA00D158BB /* Buy.swift in Sources */ = {isa = PBXBuildFile; fileRef = 55C6E94620C2DBDA00D158BB /* Buy.swift */; };
		55CC458E1EFBC88000E34DD3 /* PeriodTrackerRouter.swift in Sources */ = {isa = PBXBuildFile; fileRef = 55CC458D1EFBC88000E34DD3 /* PeriodTrackerRouter.swift */; };
		55CC45911EFBDB1F00E34DD3 /* User.swift in Sources */ = {isa = PBXBuildFile; fileRef = 55CC45901EFBDB1F00E34DD3 /* User.swift */; };
		55CF83311F16867E00212BFF /* MoodValueCollectionViewCell.swift in Sources */ = {isa = PBXBuildFile; fileRef = 55CF83301F16867E00212BFF /* MoodValueCollectionViewCell.swift */; };
		55DAEFDD1F34C79300937210 /* SettingViewController.swift in Sources */ = {isa = PBXBuildFile; fileRef = 55DAEFDC1F34C79300937210 /* SettingViewController.swift */; };
		55E532501F41A86500759741 /* ContactUsViewController.swift in Sources */ = {isa = PBXBuildFile; fileRef = 55E5324F1F41A86500759741 /* ContactUsViewController.swift */; };
		55EAEB591F209F150034E0D0 /* SetupPageViewController.swift in Sources */ = {isa = PBXBuildFile; fileRef = 55EAEB581F209F140034E0D0 /* SetupPageViewController.swift */; };
		55EAEB5B1F20B6800034E0D0 /* LastPeriodViewController.swift in Sources */ = {isa = PBXBuildFile; fileRef = 55EAEB5A1F20B6800034E0D0 /* LastPeriodViewController.swift */; };
		55F110491F45790E009C4B54 /* HorizontallyFlushCollectionViewFlowLayout.swift in Sources */ = {isa = PBXBuildFile; fileRef = 55F110481F45790E009C4B54 /* HorizontallyFlushCollectionViewFlowLayout.swift */; };
		55F5FDA51F400E3E00761F71 /* ModalViewController.swift in Sources */ = {isa = PBXBuildFile; fileRef = 55F5FDA41F400E3E00761F71 /* ModalViewController.swift */; };
		55F5FDA71F403D7200761F71 /* Modal.swift in Sources */ = {isa = PBXBuildFile; fileRef = 55F5FDA61F403D7200761F71 /* Modal.swift */; };
		55F8E13D1F4309FB00B8F5B7 /* AboutCycleLengthViewController.swift in Sources */ = {isa = PBXBuildFile; fileRef = 55F8E13C1F4309FB00B8F5B7 /* AboutCycleLengthViewController.swift */; };
		55FBC6F91FF3B62200FA7554 /* ChatLabel.swift in Sources */ = {isa = PBXBuildFile; fileRef = 55FBC6F81FF3B62200FA7554 /* ChatLabel.swift */; };
		55FD75941F51A3B1002CCC52 /* ConversationViewController.swift in Sources */ = {isa = PBXBuildFile; fileRef = 55FD75931F51A3B1002CCC52 /* ConversationViewController.swift */; };
		55FD75961F51A4A7002CCC52 /* CommentTableViewCell.swift in Sources */ = {isa = PBXBuildFile; fileRef = 55FD75951F51A4A7002CCC52 /* CommentTableViewCell.swift */; };
		55FD75981F51A512002CCC52 /* Comment.swift in Sources */ = {isa = PBXBuildFile; fileRef = 55FD75971F51A512002CCC52 /* Comment.swift */; };
		55FD759A1F52D4CE002CCC52 /* ActivityIndicatorTableViewCell.swift in Sources */ = {isa = PBXBuildFile; fileRef = 55FD75991F52D4CE002CCC52 /* ActivityIndicatorTableViewCell.swift */; };
		55FD759C1F52E3BB002CCC52 /* ReplyCommentTableViewCell.swift in Sources */ = {isa = PBXBuildFile; fileRef = 55FD759B1F52E3BB002CCC52 /* ReplyCommentTableViewCell.swift */; };
		55FD759E1F53DB61002CCC52 /* ArticleFooterTableViewCell.swift in Sources */ = {isa = PBXBuildFile; fileRef = 55FD759D1F53DB61002CCC52 /* ArticleFooterTableViewCell.swift */; };
		55FE27891F0E5DD70042DBD3 /* MoodsCollectionViewCell.swift in Sources */ = {isa = PBXBuildFile; fileRef = 55FE27881F0E5DD70042DBD3 /* MoodsCollectionViewCell.swift */; };
		55FE278B1F0E5E390042DBD3 /* MoodCollectionViewCell.swift in Sources */ = {isa = PBXBuildFile; fileRef = 55FE278A1F0E5E390042DBD3 /* MoodCollectionViewCell.swift */; };
		55FF9A4B1F1E22BB006281F7 /* MoodSelectorViewController.swift in Sources */ = {isa = PBXBuildFile; fileRef = 55FF9A4A1F1E22BB006281F7 /* MoodSelectorViewController.swift */; };
		730DB2FF1EFBB2C3001495EF /* IRANSans(FaNum)_Bold.ttf in Resources */ = {isa = PBXBuildFile; fileRef = 730DB2F91EFBB2C3001495EF /* IRANSans(FaNum)_Bold.ttf */; };
		730DB3001EFBB2C3001495EF /* IRANSans(FaNum)_Light.ttf in Resources */ = {isa = PBXBuildFile; fileRef = 730DB2FA1EFBB2C3001495EF /* IRANSans(FaNum)_Light.ttf */; };
		730DB3011EFBB2C3001495EF /* IRANSans(FaNum)_Medium.ttf in Resources */ = {isa = PBXBuildFile; fileRef = 730DB2FB1EFBB2C3001495EF /* IRANSans(FaNum)_Medium.ttf */; };
		730DB3021EFBB2C3001495EF /* IRANSans(FaNum)_UltraLight.ttf in Resources */ = {isa = PBXBuildFile; fileRef = 730DB2FC1EFBB2C3001495EF /* IRANSans(FaNum)_UltraLight.ttf */; };
		730DB3031EFBB2C3001495EF /* IRANSans(FaNum).ttf in Resources */ = {isa = PBXBuildFile; fileRef = 730DB2FD1EFBB2C3001495EF /* IRANSans(FaNum).ttf */; };
		730DB3061EFBE07C001495EF /* BuyViewController.swift in Sources */ = {isa = PBXBuildFile; fileRef = 730DB3051EFBE07B001495EF /* BuyViewController.swift */; };
		73A67AEE20C858010091E609 /* TopicsViewController+CategoryCV.swift in Sources */ = {isa = PBXBuildFile; fileRef = 73A67AED20C858010091E609 /* TopicsViewController+CategoryCV.swift */; };
		73A67AF020C85DC80091E609 /* CategoryCVCell.swift in Sources */ = {isa = PBXBuildFile; fileRef = 73A67AEF20C85DC80091E609 /* CategoryCVCell.swift */; };
		B2659A557A9762AD726817B6 /* Pods_PeriodTracker.framework in Frameworks */ = {isa = PBXBuildFile; fileRef = 4FD59A2C6B423AF16F1FF016 /* Pods_PeriodTracker.framework */; };
		F408BE1A3F678B83DB6B1482 /* Pods_OneSignalNotificationServiceExtension.framework in Frameworks */ = {isa = PBXBuildFile; fileRef = 4CEB86E490A4933DC74CD66C /* Pods_OneSignalNotificationServiceExtension.framework */; };
/* End PBXBuildFile section */

/* Begin PBXContainerItemProxy section */
		551CCCC31F55884900AE84EC /* PBXContainerItemProxy */ = {
			isa = PBXContainerItemProxy;
			containerPortal = 55B9BD2A1EF94ADE00F75794 /* Project object */;
			proxyType = 1;
			remoteGlobalIDString = 551CCCBD1F55884800AE84EC;
			remoteInfo = OneSignalNotificationServiceExtension;
		};
/* End PBXContainerItemProxy section */

/* Begin PBXCopyFilesBuildPhase section */
		55FD75B41F551F2A002CCC52 /* Embed App Extensions */ = {
			isa = PBXCopyFilesBuildPhase;
			buildActionMask = 2147483647;
			dstPath = "";
			dstSubfolderSpec = 13;
			files = (
				551CCCC51F55884900AE84EC /* OneSignalNotificationServiceExtension.appex in Embed App Extensions */,
			);
			name = "Embed App Extensions";
			runOnlyForDeploymentPostprocessing = 0;
		};
/* End PBXCopyFilesBuildPhase section */

/* Begin PBXFileReference section */
		027C19C3480BE8683BB05DF3 /* Pods-OneSignalNotificationServiceExtension.release.xcconfig */ = {isa = PBXFileReference; includeInIndex = 1; lastKnownFileType = text.xcconfig; name = "Pods-OneSignalNotificationServiceExtension.release.xcconfig"; path = "Pods/Target Support Files/Pods-OneSignalNotificationServiceExtension/Pods-OneSignalNotificationServiceExtension.release.xcconfig"; sourceTree = "<group>"; };
		2B931D550280DF1512D6CB44 /* Pods-PeriodTracker.debug.xcconfig */ = {isa = PBXFileReference; includeInIndex = 1; lastKnownFileType = text.xcconfig; name = "Pods-PeriodTracker.debug.xcconfig"; path = "Pods/Target Support Files/Pods-PeriodTracker/Pods-PeriodTracker.debug.xcconfig"; sourceTree = "<group>"; };
		4CEB86E490A4933DC74CD66C /* Pods_OneSignalNotificationServiceExtension.framework */ = {isa = PBXFileReference; explicitFileType = wrapper.framework; includeInIndex = 0; path = Pods_OneSignalNotificationServiceExtension.framework; sourceTree = BUILT_PRODUCTS_DIR; };
		4FD59A2C6B423AF16F1FF016 /* Pods_PeriodTracker.framework */ = {isa = PBXFileReference; explicitFileType = wrapper.framework; includeInIndex = 0; path = Pods_PeriodTracker.framework; sourceTree = BUILT_PRODUCTS_DIR; };
		533083C631EDA48E61D51D6F /* Pods-PeriodTracker.release.xcconfig */ = {isa = PBXFileReference; includeInIndex = 1; lastKnownFileType = text.xcconfig; name = "Pods-PeriodTracker.release.xcconfig"; path = "Pods/Target Support Files/Pods-PeriodTracker/Pods-PeriodTracker.release.xcconfig"; sourceTree = "<group>"; };
		55016A6C1F290F3E00EC567E /* PeriodLengthSelectorViewController.swift */ = {isa = PBXFileReference; fileEncoding = 4; lastKnownFileType = sourcecode.swift; name = PeriodLengthSelectorViewController.swift; path = Controllers/PeriodLengthSelectorViewController.swift; sourceTree = "<group>"; };
		55016A6E1F29C22F00EC567E /* CycleViewController.swift */ = {isa = PBXFileReference; fileEncoding = 4; lastKnownFileType = sourcecode.swift; name = CycleViewController.swift; path = Controllers/CycleViewController.swift; sourceTree = "<group>"; };
		55016A731F29C30100EC567E /* CircleOption.swift */ = {isa = PBXFileReference; fileEncoding = 4; lastKnownFileType = sourcecode.swift; name = CircleOption.swift; path = Model/CircleOption.swift; sourceTree = "<group>"; };
		5505E91B1F30AF7500379085 /* Extensions.swift */ = {isa = PBXFileReference; fileEncoding = 4; lastKnownFileType = sourcecode.swift; name = Extensions.swift; path = Utilities/Extensions.swift; sourceTree = "<group>"; };
		550630EA1FF228AE009145C4 /* AddTopicViewController.swift */ = {isa = PBXFileReference; lastKnownFileType = sourcecode.swift; name = AddTopicViewController.swift; path = Controllers/AddTopicViewController.swift; sourceTree = "<group>"; };
		550630EC1FF239B8009145C4 /* Success.swift */ = {isa = PBXFileReference; lastKnownFileType = sourcecode.swift; path = Success.swift; sourceTree = "<group>"; };
		550630EE1FF260C5009145C4 /* TopicViewController.swift */ = {isa = PBXFileReference; lastKnownFileType = sourcecode.swift; name = TopicViewController.swift; path = Controllers/TopicViewController.swift; sourceTree = "<group>"; };
		550630F01FF264EA009145C4 /* MessageTableViewCell.swift */ = {isa = PBXFileReference; lastKnownFileType = sourcecode.swift; name = MessageTableViewCell.swift; path = Cell/MessageTableViewCell.swift; sourceTree = "<group>"; };
		5506D5671F21D15F00F66E6D /* CycleLengthViewController.swift */ = {isa = PBXFileReference; fileEncoding = 4; lastKnownFileType = sourcecode.swift; name = CycleLengthViewController.swift; path = Controllers/CycleLengthViewController.swift; sourceTree = "<group>"; };
		5506D5691F21D17900F66E6D /* PeriodLengthViewController.swift */ = {isa = PBXFileReference; fileEncoding = 4; lastKnownFileType = sourcecode.swift; name = PeriodLengthViewController.swift; path = Controllers/PeriodLengthViewController.swift; sourceTree = "<group>"; };
		550AC31B1F4D5B1D0067A804 /* IRAN Kharazmi.ttf */ = {isa = PBXFileReference; lastKnownFileType = file; path = "IRAN Kharazmi.ttf"; sourceTree = "<group>"; };
		550AC31D1F4D5B980067A804 /* IRANYekanMobileBold.ttf */ = {isa = PBXFileReference; lastKnownFileType = file; path = IRANYekanMobileBold.ttf; sourceTree = "<group>"; };
		550AC31E1F4D5B980067A804 /* IRANYekanMobileLight.ttf */ = {isa = PBXFileReference; lastKnownFileType = file; path = IRANYekanMobileLight.ttf; sourceTree = "<group>"; };
		550AC31F1F4D5B980067A804 /* IRANYekanMobileRegular.ttf */ = {isa = PBXFileReference; lastKnownFileType = file; path = IRANYekanMobileRegular.ttf; sourceTree = "<group>"; };
		550AC3251F4DC62D0067A804 /* Category.swift */ = {isa = PBXFileReference; fileEncoding = 4; lastKnownFileType = sourcecode.swift; name = Category.swift; path = Model/Category.swift; sourceTree = "<group>"; };
		550AC3271F4DC6E80067A804 /* ArticleCategoryCollectionViewCell.swift */ = {isa = PBXFileReference; fileEncoding = 4; lastKnownFileType = sourcecode.swift; name = ArticleCategoryCollectionViewCell.swift; path = Cell/ArticleCategoryCollectionViewCell.swift; sourceTree = "<group>"; };
		551145551F0AC92700C2C08B /* mood.json */ = {isa = PBXFileReference; fileEncoding = 4; lastKnownFileType = text.json; path = mood.json; sourceTree = "<group>"; };
		5518D2A21F06CEE6001EB0B3 /* DayLogViewController.swift */ = {isa = PBXFileReference; fileEncoding = 4; lastKnownFileType = sourcecode.swift; name = DayLogViewController.swift; path = Controllers/DayLogViewController.swift; sourceTree = "<group>"; };
		5518D2A41F06D4BE001EB0B3 /* WeekCollectionViewCell.swift */ = {isa = PBXFileReference; fileEncoding = 4; lastKnownFileType = sourcecode.swift; name = WeekCollectionViewCell.swift; path = Cell/WeekCollectionViewCell.swift; sourceTree = "<group>"; };
		551AD1AD1F3F3B28003167E0 /* GuideViewController.swift */ = {isa = PBXFileReference; fileEncoding = 4; lastKnownFileType = sourcecode.swift; name = GuideViewController.swift; path = Controllers/GuideViewController.swift; sourceTree = "<group>"; };
		551AD1AF1F3F3D87003167E0 /* Guide.swift */ = {isa = PBXFileReference; fileEncoding = 4; lastKnownFileType = sourcecode.swift; name = Guide.swift; path = Model/Guide.swift; sourceTree = "<group>"; };
		551AD1B11F3F3F2F003167E0 /* Guide.plist */ = {isa = PBXFileReference; fileEncoding = 4; lastKnownFileType = text.plist.xml; path = Guide.plist; sourceTree = "<group>"; };
		551AD1B31F3F45BD003167E0 /* translate-fa.plist */ = {isa = PBXFileReference; fileEncoding = 4; lastKnownFileType = text.plist.xml; path = "translate-fa.plist"; sourceTree = "<group>"; };
		551CCCBE1F55884800AE84EC /* OneSignalNotificationServiceExtension.appex */ = {isa = PBXFileReference; explicitFileType = "wrapper.app-extension"; includeInIndex = 0; path = OneSignalNotificationServiceExtension.appex; sourceTree = BUILT_PRODUCTS_DIR; };
		551CCCC01F55884900AE84EC /* NotificationService.swift */ = {isa = PBXFileReference; lastKnownFileType = sourcecode.swift; path = NotificationService.swift; sourceTree = "<group>"; };
		551CCCC21F55884900AE84EC /* Info.plist */ = {isa = PBXFileReference; lastKnownFileType = text.plist.xml; path = Info.plist; sourceTree = "<group>"; };
		5520DE7E1F302CEB0003A844 /* PregnantViewController.swift */ = {isa = PBXFileReference; fileEncoding = 4; lastKnownFileType = sourcecode.swift; name = PregnantViewController.swift; path = Controllers/PregnantViewController.swift; sourceTree = "<group>"; };
		553039D21F025EA600C8EF07 /* Colors.swift */ = {isa = PBXFileReference; fileEncoding = 4; lastKnownFileType = sourcecode.swift; name = Colors.swift; path = Utilities/Colors.swift; sourceTree = "<group>"; };
		5535EB621F25F926007D70F5 /* AboutLastPeriodViewController.swift */ = {isa = PBXFileReference; fileEncoding = 4; lastKnownFileType = sourcecode.swift; name = AboutLastPeriodViewController.swift; path = Controllers/AboutLastPeriodViewController.swift; sourceTree = "<group>"; };
		5537E5A31F1CE48A00C479F1 /* MoodSelectorTableViewCell.swift */ = {isa = PBXFileReference; fileEncoding = 4; lastKnownFileType = sourcecode.swift; name = MoodSelectorTableViewCell.swift; path = Cell/MoodSelectorTableViewCell.swift; sourceTree = "<group>"; };
		5539632E1F4EF4F4003E0CFC /* ArticleCommentCollectionViewCell.swift */ = {isa = PBXFileReference; fileEncoding = 4; lastKnownFileType = sourcecode.swift; name = ArticleCommentCollectionViewCell.swift; path = Cell/ArticleCommentCollectionViewCell.swift; sourceTree = "<group>"; };
		5539B1061F3C27F300872983 /* ActivityIndicatorCollectionViewCell.swift */ = {isa = PBXFileReference; fileEncoding = 4; lastKnownFileType = sourcecode.swift; name = ActivityIndicatorCollectionViewCell.swift; path = Cell/ActivityIndicatorCollectionViewCell.swift; sourceTree = "<group>"; };
		55445B081EFA9AFB0073DC75 /* LogoView.swift */ = {isa = PBXFileReference; fileEncoding = 4; lastKnownFileType = sourcecode.swift; name = LogoView.swift; path = Components/LogoView.swift; sourceTree = "<group>"; };
		555235191F485644006B402F /* PricingViewController.swift */ = {isa = PBXFileReference; fileEncoding = 4; lastKnownFileType = sourcecode.swift; name = PricingViewController.swift; path = Controllers/PricingViewController.swift; sourceTree = "<group>"; };
		5552351B1F487944006B402F /* PricingCollectionViewCell.swift */ = {isa = PBXFileReference; fileEncoding = 4; lastKnownFileType = sourcecode.swift; name = PricingCollectionViewCell.swift; path = Cell/PricingCollectionViewCell.swift; sourceTree = "<group>"; };
		5552351D1F4879C5006B402F /* Pricing.swift */ = {isa = PBXFileReference; fileEncoding = 4; lastKnownFileType = sourcecode.swift; name = Pricing.swift; path = Model/Pricing.swift; sourceTree = "<group>"; };
		556CA07A1EFBDE8B008C5EA1 /* Setup.swift */ = {isa = PBXFileReference; fileEncoding = 4; lastKnownFileType = sourcecode.swift; name = Setup.swift; path = Database/Setup.swift; sourceTree = "<group>"; };
		556CA07C1EFBDEF5008C5EA1 /* Log.swift */ = {isa = PBXFileReference; fileEncoding = 4; lastKnownFileType = sourcecode.swift; name = Log.swift; path = Database/Log.swift; sourceTree = "<group>"; };
		556CA07E1EFBE2A3008C5EA1 /* Mood.swift */ = {isa = PBXFileReference; fileEncoding = 4; lastKnownFileType = sourcecode.swift; name = Mood.swift; path = Database/Mood.swift; sourceTree = "<group>"; };
		556CA0801EFBE445008C5EA1 /* LogMood.swift */ = {isa = PBXFileReference; fileEncoding = 4; lastKnownFileType = sourcecode.swift; name = LogMood.swift; path = Database/LogMood.swift; sourceTree = "<group>"; };
		556CA0821EFBE522008C5EA1 /* Setting.swift */ = {isa = PBXFileReference; fileEncoding = 4; lastKnownFileType = sourcecode.swift; name = Setting.swift; path = Database/Setting.swift; sourceTree = "<group>"; };
		556CA0841EFBE587008C5EA1 /* Information.swift */ = {isa = PBXFileReference; fileEncoding = 4; lastKnownFileType = sourcecode.swift; name = Information.swift; path = Database/Information.swift; sourceTree = "<group>"; };
		556CF44A1F0135A100E3456B /* Utility.swift */ = {isa = PBXFileReference; fileEncoding = 4; lastKnownFileType = sourcecode.swift; name = Utility.swift; path = Utilities/Utility.swift; sourceTree = "<group>"; };
		556FB7D91F36D34D006DDAB9 /* SettingModel.swift */ = {isa = PBXFileReference; fileEncoding = 4; lastKnownFileType = sourcecode.swift; name = SettingModel.swift; path = Model/SettingModel.swift; sourceTree = "<group>"; };
		556FB7DD1F372844006DDAB9 /* ArticleViewController.swift */ = {isa = PBXFileReference; fileEncoding = 4; lastKnownFileType = sourcecode.swift; name = ArticleViewController.swift; path = Controllers/ArticleViewController.swift; sourceTree = "<group>"; };
		556FB7E11F37365C006DDAB9 /* Article.swift */ = {isa = PBXFileReference; fileEncoding = 4; lastKnownFileType = sourcecode.swift; name = Article.swift; path = Model/Article.swift; sourceTree = "<group>"; };
		556FB7E31F382768006DDAB9 /* Config.swift */ = {isa = PBXFileReference; fileEncoding = 4; lastKnownFileType = sourcecode.swift; name = Config.swift; path = Utilities/Config.swift; sourceTree = "<group>"; };
		556FB7E51F3848AC006DDAB9 /* ArticlePageViewController.swift */ = {isa = PBXFileReference; fileEncoding = 4; lastKnownFileType = sourcecode.swift; name = ArticlePageViewController.swift; path = Controllers/ArticlePageViewController.swift; sourceTree = "<group>"; };
		556FB7E71F3850F6006DDAB9 /* AttributeTextCollectionViewCell.swift */ = {isa = PBXFileReference; fileEncoding = 4; lastKnownFileType = sourcecode.swift; name = AttributeTextCollectionViewCell.swift; path = Cell/AttributeTextCollectionViewCell.swift; sourceTree = "<group>"; };
		556FB7ED1F3851C6006DDAB9 /* Item.swift */ = {isa = PBXFileReference; fileEncoding = 4; lastKnownFileType = sourcecode.swift; name = Item.swift; path = Model/Item.swift; sourceTree = "<group>"; };
		556FB7F11F387016006DDAB9 /* TextAttribute.swift */ = {isa = PBXFileReference; fileEncoding = 4; lastKnownFileType = sourcecode.swift; name = TextAttribute.swift; path = Model/TextAttribute.swift; sourceTree = "<group>"; };
		556FB7F31F38876B006DDAB9 /* ImageCollectionViewCell.swift */ = {isa = PBXFileReference; fileEncoding = 4; lastKnownFileType = sourcecode.swift; name = ImageCollectionViewCell.swift; path = Cell/ImageCollectionViewCell.swift; sourceTree = "<group>"; };
		556FB7F51F398884006DDAB9 /* ArticleCollectionViewCell.swift */ = {isa = PBXFileReference; fileEncoding = 4; lastKnownFileType = sourcecode.swift; name = ArticleCollectionViewCell.swift; path = Cell/ArticleCollectionViewCell.swift; sourceTree = "<group>"; };
		556FB7F71F399B68006DDAB9 /* MyTabBarController.swift */ = {isa = PBXFileReference; fileEncoding = 4; lastKnownFileType = sourcecode.swift; name = MyTabBarController.swift; path = Components/MyTabBarController.swift; sourceTree = "<group>"; };
		55743EBC1F3B59BC003FF4EC /* Image.swift */ = {isa = PBXFileReference; fileEncoding = 4; lastKnownFileType = sourcecode.swift; name = Image.swift; path = Model/Image.swift; sourceTree = "<group>"; };
		557F959E1EFE628A00D1D68A /* Reachability.swift */ = {isa = PBXFileReference; fileEncoding = 4; lastKnownFileType = sourcecode.swift; name = Reachability.swift; path = Utilities/Reachability.swift; sourceTree = "<group>"; };
		557F95A01EFE9FCB00D1D68A /* CalendarViewController.swift */ = {isa = PBXFileReference; fileEncoding = 4; lastKnownFileType = sourcecode.swift; name = CalendarViewController.swift; path = Controllers/CalendarViewController.swift; sourceTree = "<group>"; };
		557F95A31EFEA96400D1D68A /* MonthTableViewCell.swift */ = {isa = PBXFileReference; fileEncoding = 4; lastKnownFileType = sourcecode.swift; name = MonthTableViewCell.swift; path = Cell/MonthTableViewCell.swift; sourceTree = "<group>"; };
		557F95A51EFEA9BF00D1D68A /* DayCollectionViewCell.swift */ = {isa = PBXFileReference; fileEncoding = 4; lastKnownFileType = sourcecode.swift; name = DayCollectionViewCell.swift; path = Cell/DayCollectionViewCell.swift; sourceTree = "<group>"; };
		5580225F1FEFF4C6001A0B58 /* TopicsViewController.swift */ = {isa = PBXFileReference; lastKnownFileType = sourcecode.swift; name = TopicsViewController.swift; path = Controllers/TopicsViewController.swift; sourceTree = "<group>"; };
		5581C35B1F55B53C00A297D7 /* Emoji.swift */ = {isa = PBXFileReference; fileEncoding = 4; lastKnownFileType = sourcecode.swift; path = Emoji.swift; sourceTree = "<group>"; };
		5581C35D1F55B55100A297D7 /* String+Emoji.swift */ = {isa = PBXFileReference; fileEncoding = 4; lastKnownFileType = sourcecode.swift; path = "String+Emoji.swift"; sourceTree = "<group>"; };
		559567D81FF0E9DD001A8231 /* Http.swift */ = {isa = PBXFileReference; lastKnownFileType = sourcecode.swift; path = Http.swift; sourceTree = "<group>"; };
		559567DA1FF0EA81001A8231 /* Topic.swift */ = {isa = PBXFileReference; lastKnownFileType = sourcecode.swift; name = Topic.swift; path = Model/Topic.swift; sourceTree = "<group>"; };
		559567DC1FF0EB05001A8231 /* Message.swift */ = {isa = PBXFileReference; lastKnownFileType = sourcecode.swift; path = Message.swift; sourceTree = "<group>"; };
		559567DE1FF0EBB1001A8231 /* Users.swift */ = {isa = PBXFileReference; lastKnownFileType = sourcecode.swift; path = Users.swift; sourceTree = "<group>"; };
		559567E01FF0F3F7001A8231 /* TopicTableViewCell.swift */ = {isa = PBXFileReference; lastKnownFileType = sourcecode.swift; name = TopicTableViewCell.swift; path = Cell/TopicTableViewCell.swift; sourceTree = "<group>"; };
		5599374020CD50FF00F9DDAB /* OneSignalNotificationServiceExtension.entitlements */ = {isa = PBXFileReference; lastKnownFileType = text.plist.entitlements; path = OneSignalNotificationServiceExtension.entitlements; sourceTree = "<group>"; };
		55B958001F35A45A004AAFA3 /* SettingTableViewCell.swift */ = {isa = PBXFileReference; fileEncoding = 4; lastKnownFileType = sourcecode.swift; name = SettingTableViewCell.swift; path = Cell/SettingTableViewCell.swift; sourceTree = "<group>"; };
		55B9BD321EF94ADE00F75794 /* Royan.app */ = {isa = PBXFileReference; explicitFileType = wrapper.application; includeInIndex = 0; path = Royan.app; sourceTree = BUILT_PRODUCTS_DIR; };
		55B9BD351EF94ADE00F75794 /* AppDelegate.swift */ = {isa = PBXFileReference; lastKnownFileType = sourcecode.swift; path = AppDelegate.swift; sourceTree = "<group>"; };
		55B9BD371EF94ADE00F75794 /* ViewController.swift */ = {isa = PBXFileReference; lastKnownFileType = sourcecode.swift; path = ViewController.swift; sourceTree = "<group>"; };
		55B9BD3A1EF94ADE00F75794 /* Base */ = {isa = PBXFileReference; lastKnownFileType = file.storyboard; name = Base; path = Base.lproj/Main.storyboard; sourceTree = "<group>"; };
		55B9BD3C1EF94ADE00F75794 /* Assets.xcassets */ = {isa = PBXFileReference; lastKnownFileType = folder.assetcatalog; path = Assets.xcassets; sourceTree = "<group>"; };
		55B9BD3F1EF94ADE00F75794 /* Base */ = {isa = PBXFileReference; lastKnownFileType = file.storyboard; name = Base; path = Base.lproj/LaunchScreen.storyboard; sourceTree = "<group>"; };
		55B9BD411EF94ADE00F75794 /* Info.plist */ = {isa = PBXFileReference; lastKnownFileType = text.plist.xml; path = Info.plist; sourceTree = "<group>"; };
		55C6E93520C2D24800D158BB /* LicenseViewController.swift */ = {isa = PBXFileReference; lastKnownFileType = sourcecode.swift; name = LicenseViewController.swift; path = Controllers/LicenseViewController.swift; sourceTree = "<group>"; };
		55C6E93720C2D97B00D158BB /* LicenseHelper.swift */ = {isa = PBXFileReference; lastKnownFileType = sourcecode.swift; name = LicenseHelper.swift; path = Controllers/LicenseHelper.swift; sourceTree = "<group>"; };
		55C6E93920C2DA8000D158BB /* HttpLicense.swift */ = {isa = PBXFileReference; lastKnownFileType = sourcecode.swift; name = HttpLicense.swift; path = Controllers/HttpLicense.swift; sourceTree = "<group>"; };
		55C6E93D20C2DBD800D158BB /* App.swift */ = {isa = PBXFileReference; fileEncoding = 4; lastKnownFileType = sourcecode.swift; path = App.swift; sourceTree = "<group>"; };
		55C6E93E20C2DBD800D158BB /* Person.swift */ = {isa = PBXFileReference; fileEncoding = 4; lastKnownFileType = sourcecode.swift; path = Person.swift; sourceTree = "<group>"; };
		55C6E94120C2DBD900D158BB /* Level.swift */ = {isa = PBXFileReference; fileEncoding = 4; lastKnownFileType = sourcecode.swift; path = Level.swift; sourceTree = "<group>"; };
		55C6E94220C2DBD900D158BB /* Model.swift */ = {isa = PBXFileReference; fileEncoding = 4; lastKnownFileType = sourcecode.swift; path = Model.swift; sourceTree = "<group>"; };
		55C6E94420C2DBD900D158BB /* Music.swift */ = {isa = PBXFileReference; fileEncoding = 4; lastKnownFileType = sourcecode.swift; path = Music.swift; sourceTree = "<group>"; };
		55C6E94520C2DBDA00D158BB /* Activation.swift */ = {isa = PBXFileReference; fileEncoding = 4; lastKnownFileType = sourcecode.swift; path = Activation.swift; sourceTree = "<group>"; };
		55C6E94620C2DBDA00D158BB /* Buy.swift */ = {isa = PBXFileReference; fileEncoding = 4; lastKnownFileType = sourcecode.swift; path = Buy.swift; sourceTree = "<group>"; };
		55CC458D1EFBC88000E34DD3 /* PeriodTrackerRouter.swift */ = {isa = PBXFileReference; fileEncoding = 4; lastKnownFileType = sourcecode.swift; name = PeriodTrackerRouter.swift; path = API/PeriodTrackerRouter.swift; sourceTree = "<group>"; };
		55CC45901EFBDB1F00E34DD3 /* User.swift */ = {isa = PBXFileReference; fileEncoding = 4; lastKnownFileType = sourcecode.swift; name = User.swift; path = Database/User.swift; sourceTree = "<group>"; };
		55CF83301F16867E00212BFF /* MoodValueCollectionViewCell.swift */ = {isa = PBXFileReference; fileEncoding = 4; lastKnownFileType = sourcecode.swift; name = MoodValueCollectionViewCell.swift; path = Cell/MoodValueCollectionViewCell.swift; sourceTree = "<group>"; };
		55DAEFDC1F34C79300937210 /* SettingViewController.swift */ = {isa = PBXFileReference; fileEncoding = 4; lastKnownFileType = sourcecode.swift; name = SettingViewController.swift; path = Controllers/SettingViewController.swift; sourceTree = "<group>"; };
		55E5324F1F41A86500759741 /* ContactUsViewController.swift */ = {isa = PBXFileReference; fileEncoding = 4; lastKnownFileType = sourcecode.swift; name = ContactUsViewController.swift; path = Controllers/ContactUsViewController.swift; sourceTree = "<group>"; };
		55EAEB581F209F140034E0D0 /* SetupPageViewController.swift */ = {isa = PBXFileReference; fileEncoding = 4; lastKnownFileType = sourcecode.swift; name = SetupPageViewController.swift; path = Controllers/SetupPageViewController.swift; sourceTree = "<group>"; };
		55EAEB5A1F20B6800034E0D0 /* LastPeriodViewController.swift */ = {isa = PBXFileReference; fileEncoding = 4; lastKnownFileType = sourcecode.swift; name = LastPeriodViewController.swift; path = Controllers/LastPeriodViewController.swift; sourceTree = "<group>"; };
		55F110481F45790E009C4B54 /* HorizontallyFlushCollectionViewFlowLayout.swift */ = {isa = PBXFileReference; fileEncoding = 4; lastKnownFileType = sourcecode.swift; name = HorizontallyFlushCollectionViewFlowLayout.swift; path = Components/HorizontallyFlushCollectionViewFlowLayout.swift; sourceTree = "<group>"; };
		55F5FDA41F400E3E00761F71 /* ModalViewController.swift */ = {isa = PBXFileReference; fileEncoding = 4; lastKnownFileType = sourcecode.swift; name = ModalViewController.swift; path = Controllers/ModalViewController.swift; sourceTree = "<group>"; };
		55F5FDA61F403D7200761F71 /* Modal.swift */ = {isa = PBXFileReference; fileEncoding = 4; lastKnownFileType = sourcecode.swift; path = Modal.swift; sourceTree = "<group>"; };
		55F8E13C1F4309FB00B8F5B7 /* AboutCycleLengthViewController.swift */ = {isa = PBXFileReference; fileEncoding = 4; lastKnownFileType = sourcecode.swift; name = AboutCycleLengthViewController.swift; path = Controllers/AboutCycleLengthViewController.swift; sourceTree = "<group>"; };
		55FBC6F81FF3B62200FA7554 /* ChatLabel.swift */ = {isa = PBXFileReference; lastKnownFileType = sourcecode.swift; name = ChatLabel.swift; path = Components/ChatLabel.swift; sourceTree = "<group>"; };
		55FD75931F51A3B1002CCC52 /* ConversationViewController.swift */ = {isa = PBXFileReference; fileEncoding = 4; lastKnownFileType = sourcecode.swift; name = ConversationViewController.swift; path = Controllers/ConversationViewController.swift; sourceTree = "<group>"; };
		55FD75951F51A4A7002CCC52 /* CommentTableViewCell.swift */ = {isa = PBXFileReference; fileEncoding = 4; lastKnownFileType = sourcecode.swift; name = CommentTableViewCell.swift; path = Cell/CommentTableViewCell.swift; sourceTree = "<group>"; };
		55FD75971F51A512002CCC52 /* Comment.swift */ = {isa = PBXFileReference; fileEncoding = 4; lastKnownFileType = sourcecode.swift; path = Comment.swift; sourceTree = "<group>"; };
		55FD75991F52D4CE002CCC52 /* ActivityIndicatorTableViewCell.swift */ = {isa = PBXFileReference; fileEncoding = 4; lastKnownFileType = sourcecode.swift; name = ActivityIndicatorTableViewCell.swift; path = Cell/ActivityIndicatorTableViewCell.swift; sourceTree = "<group>"; };
		55FD759B1F52E3BB002CCC52 /* ReplyCommentTableViewCell.swift */ = {isa = PBXFileReference; fileEncoding = 4; lastKnownFileType = sourcecode.swift; name = ReplyCommentTableViewCell.swift; path = Cell/ReplyCommentTableViewCell.swift; sourceTree = "<group>"; };
		55FD759D1F53DB61002CCC52 /* ArticleFooterTableViewCell.swift */ = {isa = PBXFileReference; fileEncoding = 4; lastKnownFileType = sourcecode.swift; name = ArticleFooterTableViewCell.swift; path = Cell/ArticleFooterTableViewCell.swift; sourceTree = "<group>"; };
		55FD759F1F545E22002CCC52 /* PeriodTracker.entitlements */ = {isa = PBXFileReference; lastKnownFileType = text.plist.entitlements; path = PeriodTracker.entitlements; sourceTree = "<group>"; };
		55FE27881F0E5DD70042DBD3 /* MoodsCollectionViewCell.swift */ = {isa = PBXFileReference; fileEncoding = 4; lastKnownFileType = sourcecode.swift; name = MoodsCollectionViewCell.swift; path = Cell/MoodsCollectionViewCell.swift; sourceTree = "<group>"; };
		55FE278A1F0E5E390042DBD3 /* MoodCollectionViewCell.swift */ = {isa = PBXFileReference; fileEncoding = 4; lastKnownFileType = sourcecode.swift; name = MoodCollectionViewCell.swift; path = Cell/MoodCollectionViewCell.swift; sourceTree = "<group>"; };
		55FF9A4A1F1E22BB006281F7 /* MoodSelectorViewController.swift */ = {isa = PBXFileReference; fileEncoding = 4; lastKnownFileType = sourcecode.swift; name = MoodSelectorViewController.swift; path = Controllers/MoodSelectorViewController.swift; sourceTree = "<group>"; };
		730DB2F91EFBB2C3001495EF /* IRANSans(FaNum)_Bold.ttf */ = {isa = PBXFileReference; lastKnownFileType = file; path = "IRANSans(FaNum)_Bold.ttf"; sourceTree = "<group>"; };
		730DB2FA1EFBB2C3001495EF /* IRANSans(FaNum)_Light.ttf */ = {isa = PBXFileReference; lastKnownFileType = file; path = "IRANSans(FaNum)_Light.ttf"; sourceTree = "<group>"; };
		730DB2FB1EFBB2C3001495EF /* IRANSans(FaNum)_Medium.ttf */ = {isa = PBXFileReference; lastKnownFileType = file; path = "IRANSans(FaNum)_Medium.ttf"; sourceTree = "<group>"; };
		730DB2FC1EFBB2C3001495EF /* IRANSans(FaNum)_UltraLight.ttf */ = {isa = PBXFileReference; lastKnownFileType = file; path = "IRANSans(FaNum)_UltraLight.ttf"; sourceTree = "<group>"; };
		730DB2FD1EFBB2C3001495EF /* IRANSans(FaNum).ttf */ = {isa = PBXFileReference; lastKnownFileType = file; path = "IRANSans(FaNum).ttf"; sourceTree = "<group>"; };
		730DB3051EFBE07B001495EF /* BuyViewController.swift */ = {isa = PBXFileReference; fileEncoding = 4; lastKnownFileType = sourcecode.swift; name = BuyViewController.swift; path = Controllers/BuyViewController.swift; sourceTree = "<group>"; };
		73A67AED20C858010091E609 /* TopicsViewController+CategoryCV.swift */ = {isa = PBXFileReference; lastKnownFileType = sourcecode.swift; path = "TopicsViewController+CategoryCV.swift"; sourceTree = "<group>"; };
		73A67AEF20C85DC80091E609 /* CategoryCVCell.swift */ = {isa = PBXFileReference; lastKnownFileType = sourcecode.swift; path = CategoryCVCell.swift; sourceTree = "<group>"; };
		F3AEE3794CE0E426C4F662B0 /* Pods-OneSignalNotificationServiceExtension.debug.xcconfig */ = {isa = PBXFileReference; includeInIndex = 1; lastKnownFileType = text.xcconfig; name = "Pods-OneSignalNotificationServiceExtension.debug.xcconfig"; path = "Pods/Target Support Files/Pods-OneSignalNotificationServiceExtension/Pods-OneSignalNotificationServiceExtension.debug.xcconfig"; sourceTree = "<group>"; };
/* End PBXFileReference section */

/* Begin PBXFrameworksBuildPhase section */
		551CCCBB1F55884800AE84EC /* Frameworks */ = {
			isa = PBXFrameworksBuildPhase;
			buildActionMask = 2147483647;
			files = (
				F408BE1A3F678B83DB6B1482 /* Pods_OneSignalNotificationServiceExtension.framework in Frameworks */,
			);
			runOnlyForDeploymentPostprocessing = 0;
		};
		55B9BD2F1EF94ADE00F75794 /* Frameworks */ = {
			isa = PBXFrameworksBuildPhase;
			buildActionMask = 2147483647;
			files = (
				B2659A557A9762AD726817B6 /* Pods_PeriodTracker.framework in Frameworks */,
			);
			runOnlyForDeploymentPostprocessing = 0;
		};
/* End PBXFrameworksBuildPhase section */

/* Begin PBXGroup section */
		4066577DADBAD361356A677D /* Frameworks */ = {
			isa = PBXGroup;
			children = (
				4CEB86E490A4933DC74CD66C /* Pods_OneSignalNotificationServiceExtension.framework */,
				4FD59A2C6B423AF16F1FF016 /* Pods_PeriodTracker.framework */,
			);
			name = Frameworks;
			sourceTree = "<group>";
		};
		55016A701F29C2B400EC567E /* Model */ = {
			isa = PBXGroup;
			children = (
				55016A731F29C30100EC567E /* CircleOption.swift */,
				556FB7D91F36D34D006DDAB9 /* SettingModel.swift */,
				556FB7E11F37365C006DDAB9 /* Article.swift */,
				556FB7ED1F3851C6006DDAB9 /* Item.swift */,
				556FB7F11F387016006DDAB9 /* TextAttribute.swift */,
				55743EBC1F3B59BC003FF4EC /* Image.swift */,
				551AD1AF1F3F3D87003167E0 /* Guide.swift */,
				55F5FDA61F403D7200761F71 /* Modal.swift */,
				5552351D1F4879C5006B402F /* Pricing.swift */,
				550AC3251F4DC62D0067A804 /* Category.swift */,
				55FD75971F51A512002CCC52 /* Comment.swift */,
				559567DA1FF0EA81001A8231 /* Topic.swift */,
				559567DC1FF0EB05001A8231 /* Message.swift */,
				559567DE1FF0EBB1001A8231 /* Users.swift */,
				550630EC1FF239B8009145C4 /* Success.swift */,
			);
			name = Model;
			sourceTree = "<group>";
		};
		551CCCBF1F55884800AE84EC /* OneSignalNotificationServiceExtension */ = {
			isa = PBXGroup;
			children = (
				5599374020CD50FF00F9DDAB /* OneSignalNotificationServiceExtension.entitlements */,
				551CCCC01F55884900AE84EC /* NotificationService.swift */,
				551CCCC21F55884900AE84EC /* Info.plist */,
			);
			path = OneSignalNotificationServiceExtension;
			sourceTree = "<group>";
		};
		55445B051EFA7AD30073DC75 /* Components */ = {
			isa = PBXGroup;
			children = (
				55445B081EFA9AFB0073DC75 /* LogoView.swift */,
				556FB7F71F399B68006DDAB9 /* MyTabBarController.swift */,
				55F110481F45790E009C4B54 /* HorizontallyFlushCollectionViewFlowLayout.swift */,
				55FBC6F81FF3B62200FA7554 /* ChatLabel.swift */,
			);
			name = Components;
			sourceTree = "<group>";
		};
		557F959D1EFE625E00D1D68A /* Utilities */ = {
			isa = PBXGroup;
			children = (
				557F959E1EFE628A00D1D68A /* Reachability.swift */,
				556CF44A1F0135A100E3456B /* Utility.swift */,
				553039D21F025EA600C8EF07 /* Colors.swift */,
				5505E91B1F30AF7500379085 /* Extensions.swift */,
				556FB7E31F382768006DDAB9 /* Config.swift */,
				5581C35B1F55B53C00A297D7 /* Emoji.swift */,
				5581C35D1F55B55100A297D7 /* String+Emoji.swift */,
			);
			name = Utilities;
			sourceTree = "<group>";
		};
		557F95A21EFEA90600D1D68A /* Cell */ = {
			isa = PBXGroup;
			children = (
				557F95A31EFEA96400D1D68A /* MonthTableViewCell.swift */,
				557F95A51EFEA9BF00D1D68A /* DayCollectionViewCell.swift */,
				5518D2A41F06D4BE001EB0B3 /* WeekCollectionViewCell.swift */,
				55FE27881F0E5DD70042DBD3 /* MoodsCollectionViewCell.swift */,
				55FE278A1F0E5E390042DBD3 /* MoodCollectionViewCell.swift */,
				55CF83301F16867E00212BFF /* MoodValueCollectionViewCell.swift */,
				5537E5A31F1CE48A00C479F1 /* MoodSelectorTableViewCell.swift */,
				55B958001F35A45A004AAFA3 /* SettingTableViewCell.swift */,
				556FB7E71F3850F6006DDAB9 /* AttributeTextCollectionViewCell.swift */,
				556FB7F31F38876B006DDAB9 /* ImageCollectionViewCell.swift */,
				556FB7F51F398884006DDAB9 /* ArticleCollectionViewCell.swift */,
				5539B1061F3C27F300872983 /* ActivityIndicatorCollectionViewCell.swift */,
				5552351B1F487944006B402F /* PricingCollectionViewCell.swift */,
				550AC3271F4DC6E80067A804 /* ArticleCategoryCollectionViewCell.swift */,
				5539632E1F4EF4F4003E0CFC /* ArticleCommentCollectionViewCell.swift */,
				55FD75951F51A4A7002CCC52 /* CommentTableViewCell.swift */,
				55FD75991F52D4CE002CCC52 /* ActivityIndicatorTableViewCell.swift */,
				55FD759B1F52E3BB002CCC52 /* ReplyCommentTableViewCell.swift */,
				55FD759D1F53DB61002CCC52 /* ArticleFooterTableViewCell.swift */,
				559567E01FF0F3F7001A8231 /* TopicTableViewCell.swift */,
				550630F01FF264EA009145C4 /* MessageTableViewCell.swift */,
				73A67AEF20C85DC80091E609 /* CategoryCVCell.swift */,
			);
			name = Cell;
			sourceTree = "<group>";
		};
		55B9BD291EF94ADE00F75794 = {
			isa = PBXGroup;
			children = (
				55B9BD341EF94ADE00F75794 /* PeriodTracker */,
				551CCCBF1F55884800AE84EC /* OneSignalNotificationServiceExtension */,
				55B9BD331EF94ADE00F75794 /* Products */,
				9B1F4F707FED1E4D07AA0F6C /* Pods */,
				4066577DADBAD361356A677D /* Frameworks */,
			);
			sourceTree = "<group>";
		};
		55B9BD331EF94ADE00F75794 /* Products */ = {
			isa = PBXGroup;
			children = (
				55B9BD321EF94ADE00F75794 /* Royan.app */,
				551CCCBE1F55884800AE84EC /* OneSignalNotificationServiceExtension.appex */,
			);
			name = Products;
			sourceTree = "<group>";
		};
		55B9BD341EF94ADE00F75794 /* PeriodTracker */ = {
			isa = PBXGroup;
			children = (
				55C6E93B20C2DB9000D158BB /* License */,
				55FD759F1F545E22002CCC52 /* PeriodTracker.entitlements */,
				55016A701F29C2B400EC567E /* Model */,
				557F95A21EFEA90600D1D68A /* Cell */,
				557F959D1EFE625E00D1D68A /* Utilities */,
				55CC458F1EFBD32D00E34DD3 /* Database */,
				55CC45861EFBB4CD00E34DD3 /* API */,
				55445B051EFA7AD30073DC75 /* Components */,
				730DB3041EFBE004001495EF /* Controllers */,
				55B9BD351EF94ADE00F75794 /* AppDelegate.swift */,
				55B9BD371EF94ADE00F75794 /* ViewController.swift */,
				55B9BD391EF94ADE00F75794 /* Main.storyboard */,
				55B9BD3C1EF94ADE00F75794 /* Assets.xcassets */,
				55B9BD3E1EF94ADE00F75794 /* LaunchScreen.storyboard */,
				55B9BD411EF94ADE00F75794 /* Info.plist */,
				730DB2F71EFBB29C001495EF /* Resources */,
			);
			path = PeriodTracker;
			sourceTree = "<group>";
		};
		55C6E93B20C2DB9000D158BB /* License */ = {
			isa = PBXGroup;
			children = (
				55C6E93C20C2DBAB00D158BB /* model */,
				55C6E93520C2D24800D158BB /* LicenseViewController.swift */,
				55C6E93720C2D97B00D158BB /* LicenseHelper.swift */,
				55C6E93920C2DA8000D158BB /* HttpLicense.swift */,
			);
			name = License;
			sourceTree = "<group>";
		};
		55C6E93C20C2DBAB00D158BB /* model */ = {
			isa = PBXGroup;
			children = (
				55C6E94520C2DBDA00D158BB /* Activation.swift */,
				55C6E93D20C2DBD800D158BB /* App.swift */,
				55C6E94620C2DBDA00D158BB /* Buy.swift */,
				55C6E94120C2DBD900D158BB /* Level.swift */,
				55C6E94220C2DBD900D158BB /* Model.swift */,
				55C6E94420C2DBD900D158BB /* Music.swift */,
				55C6E93E20C2DBD800D158BB /* Person.swift */,
			);
			name = model;
			sourceTree = "<group>";
		};
		55CC45861EFBB4CD00E34DD3 /* API */ = {
			isa = PBXGroup;
			children = (
				55CC458D1EFBC88000E34DD3 /* PeriodTrackerRouter.swift */,
				559567D81FF0E9DD001A8231 /* Http.swift */,
			);
			name = API;
			sourceTree = "<group>";
		};
		55CC458F1EFBD32D00E34DD3 /* Database */ = {
			isa = PBXGroup;
			children = (
				55CC45901EFBDB1F00E34DD3 /* User.swift */,
				556CA07A1EFBDE8B008C5EA1 /* Setup.swift */,
				556CA07C1EFBDEF5008C5EA1 /* Log.swift */,
				556CA07E1EFBE2A3008C5EA1 /* Mood.swift */,
				556CA0801EFBE445008C5EA1 /* LogMood.swift */,
				556CA0821EFBE522008C5EA1 /* Setting.swift */,
				556CA0841EFBE587008C5EA1 /* Information.swift */,
			);
			name = Database;
			sourceTree = "<group>";
		};
		730DB2F71EFBB29C001495EF /* Resources */ = {
			isa = PBXGroup;
			children = (
				550AC31B1F4D5B1D0067A804 /* IRAN Kharazmi.ttf */,
				551145551F0AC92700C2C08B /* mood.json */,
				730DB2F91EFBB2C3001495EF /* IRANSans(FaNum)_Bold.ttf */,
				730DB2FA1EFBB2C3001495EF /* IRANSans(FaNum)_Light.ttf */,
				730DB2FB1EFBB2C3001495EF /* IRANSans(FaNum)_Medium.ttf */,
				730DB2FC1EFBB2C3001495EF /* IRANSans(FaNum)_UltraLight.ttf */,
				550AC31D1F4D5B980067A804 /* IRANYekanMobileBold.ttf */,
				550AC31E1F4D5B980067A804 /* IRANYekanMobileLight.ttf */,
				550AC31F1F4D5B980067A804 /* IRANYekanMobileRegular.ttf */,
				730DB2FD1EFBB2C3001495EF /* IRANSans(FaNum).ttf */,
				551AD1B11F3F3F2F003167E0 /* Guide.plist */,
				551AD1B31F3F45BD003167E0 /* translate-fa.plist */,
			);
			name = Resources;
			sourceTree = "<group>";
		};
		730DB3041EFBE004001495EF /* Controllers */ = {
			isa = PBXGroup;
			children = (
				730DB3051EFBE07B001495EF /* BuyViewController.swift */,
				557F95A01EFE9FCB00D1D68A /* CalendarViewController.swift */,
				5518D2A21F06CEE6001EB0B3 /* DayLogViewController.swift */,
				55FF9A4A1F1E22BB006281F7 /* MoodSelectorViewController.swift */,
				55EAEB581F209F140034E0D0 /* SetupPageViewController.swift */,
				55EAEB5A1F20B6800034E0D0 /* LastPeriodViewController.swift */,
				5506D5671F21D15F00F66E6D /* CycleLengthViewController.swift */,
				5506D5691F21D17900F66E6D /* PeriodLengthViewController.swift */,
				5535EB621F25F926007D70F5 /* AboutLastPeriodViewController.swift */,
				55016A6E1F29C22F00EC567E /* CycleViewController.swift */,
				5520DE7E1F302CEB0003A844 /* PregnantViewController.swift */,
				55DAEFDC1F34C79300937210 /* SettingViewController.swift */,
				556FB7DD1F372844006DDAB9 /* ArticleViewController.swift */,
				556FB7E51F3848AC006DDAB9 /* ArticlePageViewController.swift */,
				55016A6C1F290F3E00EC567E /* PeriodLengthSelectorViewController.swift */,
				551AD1AD1F3F3B28003167E0 /* GuideViewController.swift */,
				55F5FDA41F400E3E00761F71 /* ModalViewController.swift */,
				55E5324F1F41A86500759741 /* ContactUsViewController.swift */,
				55F8E13C1F4309FB00B8F5B7 /* AboutCycleLengthViewController.swift */,
				555235191F485644006B402F /* PricingViewController.swift */,
				55FD75931F51A3B1002CCC52 /* ConversationViewController.swift */,
				5580225F1FEFF4C6001A0B58 /* TopicsViewController.swift */,
				73A67AED20C858010091E609 /* TopicsViewController+CategoryCV.swift */,
				550630EA1FF228AE009145C4 /* AddTopicViewController.swift */,
				550630EE1FF260C5009145C4 /* TopicViewController.swift */,
			);
			name = Controllers;
			sourceTree = "<group>";
		};
		9B1F4F707FED1E4D07AA0F6C /* Pods */ = {
			isa = PBXGroup;
			children = (
				F3AEE3794CE0E426C4F662B0 /* Pods-OneSignalNotificationServiceExtension.debug.xcconfig */,
				027C19C3480BE8683BB05DF3 /* Pods-OneSignalNotificationServiceExtension.release.xcconfig */,
				2B931D550280DF1512D6CB44 /* Pods-PeriodTracker.debug.xcconfig */,
				533083C631EDA48E61D51D6F /* Pods-PeriodTracker.release.xcconfig */,
			);
			name = Pods;
			sourceTree = "<group>";
		};
/* End PBXGroup section */

/* Begin PBXNativeTarget section */
		551CCCBD1F55884800AE84EC /* OneSignalNotificationServiceExtension */ = {
			isa = PBXNativeTarget;
			buildConfigurationList = 551CCCC61F55884900AE84EC /* Build configuration list for PBXNativeTarget "OneSignalNotificationServiceExtension" */;
			buildPhases = (
				A57C7FC83F0BDB886CFC4DD1 /* [CP] Check Pods Manifest.lock */,
				551CCCBA1F55884800AE84EC /* Sources */,
				551CCCBB1F55884800AE84EC /* Frameworks */,
				551CCCBC1F55884800AE84EC /* Resources */,
			);
			buildRules = (
			);
			dependencies = (
			);
			name = OneSignalNotificationServiceExtension;
			productName = OneSignalNotificationServiceExtension;
			productReference = 551CCCBE1F55884800AE84EC /* OneSignalNotificationServiceExtension.appex */;
			productType = "com.apple.product-type.app-extension";
		};
		55B9BD311EF94ADE00F75794 /* PeriodTracker */ = {
			isa = PBXNativeTarget;
			buildConfigurationList = 55B9BD441EF94ADE00F75794 /* Build configuration list for PBXNativeTarget "PeriodTracker" */;
			buildPhases = (
				003269553006F8EBBE701826 /* [CP] Check Pods Manifest.lock */,
				55B9BD2E1EF94ADE00F75794 /* Sources */,
				55B9BD2F1EF94ADE00F75794 /* Frameworks */,
				55B9BD301EF94ADE00F75794 /* Resources */,
				55FD75B41F551F2A002CCC52 /* Embed App Extensions */,
				2A5D7AC91061CD91EA1C11BB /* [CP] Embed Pods Frameworks */,
			);
			buildRules = (
			);
			dependencies = (
				551CCCC41F55884900AE84EC /* PBXTargetDependency */,
			);
			name = PeriodTracker;
			productName = PeriodTracker;
			productReference = 55B9BD321EF94ADE00F75794 /* Royan.app */;
			productType = "com.apple.product-type.application";
		};
/* End PBXNativeTarget section */

/* Begin PBXProject section */
		55B9BD2A1EF94ADE00F75794 /* Project object */ = {
			isa = PBXProject;
			attributes = {
				LastSwiftUpdateCheck = 0830;
				LastUpgradeCheck = 0830;
				ORGANIZATIONNAME = "Mahdiar ";
				TargetAttributes = {
					551CCCBD1F55884800AE84EC = {
						CreatedOnToolsVersion = 8.3.2;
						DevelopmentTeam = WQAL4X8P6C;
						ProvisioningStyle = Automatic;
						SystemCapabilities = {
							com.apple.Push = {
								enabled = 1;
							};
						};
					};
					55B9BD311EF94ADE00F75794 = {
						CreatedOnToolsVersion = 8.3.2;
						DevelopmentTeam = WQAL4X8P6C;
						ProvisioningStyle = Automatic;
						SystemCapabilities = {
							com.apple.ApplicationGroups.iOS = {
								enabled = 0;
							};
							com.apple.BackgroundModes = {
								enabled = 1;
							};
							com.apple.Push = {
								enabled = 1;
							};
						};
					};
				};
			};
			buildConfigurationList = 55B9BD2D1EF94ADE00F75794 /* Build configuration list for PBXProject "Royan" */;
			compatibilityVersion = "Xcode 3.2";
			developmentRegion = English;
			hasScannedForEncodings = 0;
			knownRegions = (
				en,
				Base,
			);
			mainGroup = 55B9BD291EF94ADE00F75794;
			productRefGroup = 55B9BD331EF94ADE00F75794 /* Products */;
			projectDirPath = "";
			projectRoot = "";
			targets = (
				55B9BD311EF94ADE00F75794 /* PeriodTracker */,
				551CCCBD1F55884800AE84EC /* OneSignalNotificationServiceExtension */,
			);
		};
/* End PBXProject section */

/* Begin PBXResourcesBuildPhase section */
		551CCCBC1F55884800AE84EC /* Resources */ = {
			isa = PBXResourcesBuildPhase;
			buildActionMask = 2147483647;
			files = (
			);
			runOnlyForDeploymentPostprocessing = 0;
		};
		55B9BD301EF94ADE00F75794 /* Resources */ = {
			isa = PBXResourcesBuildPhase;
			buildActionMask = 2147483647;
			files = (
				550AC3211F4D5B980067A804 /* IRANYekanMobileLight.ttf in Resources */,
				730DB3021EFBB2C3001495EF /* IRANSans(FaNum)_UltraLight.ttf in Resources */,
				55B9BD401EF94ADE00F75794 /* LaunchScreen.storyboard in Resources */,
				550AC3221F4D5B980067A804 /* IRANYekanMobileRegular.ttf in Resources */,
				551AD1B41F3F45BD003167E0 /* translate-fa.plist in Resources */,
				551145561F0AC92700C2C08B /* mood.json in Resources */,
				55B9BD3D1EF94ADE00F75794 /* Assets.xcassets in Resources */,
				55B9BD3B1EF94ADE00F75794 /* Main.storyboard in Resources */,
				550AC31C1F4D5B1D0067A804 /* IRAN Kharazmi.ttf in Resources */,
				550AC3201F4D5B980067A804 /* IRANYekanMobileBold.ttf in Resources */,
				730DB3011EFBB2C3001495EF /* IRANSans(FaNum)_Medium.ttf in Resources */,
				730DB2FF1EFBB2C3001495EF /* IRANSans(FaNum)_Bold.ttf in Resources */,
				551AD1B21F3F3F2F003167E0 /* Guide.plist in Resources */,
				730DB3031EFBB2C3001495EF /* IRANSans(FaNum).ttf in Resources */,
				730DB3001EFBB2C3001495EF /* IRANSans(FaNum)_Light.ttf in Resources */,
			);
			runOnlyForDeploymentPostprocessing = 0;
		};
/* End PBXResourcesBuildPhase section */

/* Begin PBXShellScriptBuildPhase section */
		003269553006F8EBBE701826 /* [CP] Check Pods Manifest.lock */ = {
			isa = PBXShellScriptBuildPhase;
			buildActionMask = 2147483647;
			files = (
			);
			inputPaths = (
				"${PODS_PODFILE_DIR_PATH}/Podfile.lock",
				"${PODS_ROOT}/Manifest.lock",
			);
			name = "[CP] Check Pods Manifest.lock";
			outputPaths = (
				"$(DERIVED_FILE_DIR)/Pods-PeriodTracker-checkManifestLockResult.txt",
			);
			runOnlyForDeploymentPostprocessing = 0;
			shellPath = /bin/sh;
			shellScript = "diff \"${PODS_PODFILE_DIR_PATH}/Podfile.lock\" \"${PODS_ROOT}/Manifest.lock\" > /dev/null\nif [ $? != 0 ] ; then\n    # print error to STDERR\n    echo \"error: The sandbox is not in sync with the Podfile.lock. Run 'pod install' or update your CocoaPods installation.\" >&2\n    exit 1\nfi\n# This output is used by Xcode 'outputs' to avoid re-running this script phase.\necho \"SUCCESS\" > \"${SCRIPT_OUTPUT_FILE_0}\"\n";
			showEnvVarsInLog = 0;
		};
		2A5D7AC91061CD91EA1C11BB /* [CP] Embed Pods Frameworks */ = {
			isa = PBXShellScriptBuildPhase;
			buildActionMask = 2147483647;
			files = (
			);
			inputPaths = (
				"${SRCROOT}/Pods/Target Support Files/Pods-PeriodTracker/Pods-PeriodTracker-frameworks.sh",
				"${BUILT_PRODUCTS_DIR}/Alamofire/Alamofire.framework",
				"${BUILT_PRODUCTS_DIR}/RQShineLabel/RQShineLabel.framework",
				"${BUILT_PRODUCTS_DIR}/Realm/Realm.framework",
				"${BUILT_PRODUCTS_DIR}/RealmSwift/RealmSwift.framework",
				"${BUILT_PRODUCTS_DIR}/SwiftyJSON/SwiftyJSON.framework",
			);
			name = "[CP] Embed Pods Frameworks";
			outputPaths = (
				"${TARGET_BUILD_DIR}/${FRAMEWORKS_FOLDER_PATH}/Alamofire.framework",
				"${TARGET_BUILD_DIR}/${FRAMEWORKS_FOLDER_PATH}/RQShineLabel.framework",
				"${TARGET_BUILD_DIR}/${FRAMEWORKS_FOLDER_PATH}/Realm.framework",
				"${TARGET_BUILD_DIR}/${FRAMEWORKS_FOLDER_PATH}/RealmSwift.framework",
				"${TARGET_BUILD_DIR}/${FRAMEWORKS_FOLDER_PATH}/SwiftyJSON.framework",
			);
			runOnlyForDeploymentPostprocessing = 0;
			shellPath = /bin/sh;
			shellScript = "\"${SRCROOT}/Pods/Target Support Files/Pods-PeriodTracker/Pods-PeriodTracker-frameworks.sh\"\n";
			showEnvVarsInLog = 0;
		};
		A57C7FC83F0BDB886CFC4DD1 /* [CP] Check Pods Manifest.lock */ = {
			isa = PBXShellScriptBuildPhase;
			buildActionMask = 2147483647;
			files = (
			);
			inputPaths = (
				"${PODS_PODFILE_DIR_PATH}/Podfile.lock",
				"${PODS_ROOT}/Manifest.lock",
			);
			name = "[CP] Check Pods Manifest.lock";
			outputPaths = (
				"$(DERIVED_FILE_DIR)/Pods-OneSignalNotificationServiceExtension-checkManifestLockResult.txt",
			);
			runOnlyForDeploymentPostprocessing = 0;
			shellPath = /bin/sh;
			shellScript = "diff \"${PODS_PODFILE_DIR_PATH}/Podfile.lock\" \"${PODS_ROOT}/Manifest.lock\" > /dev/null\nif [ $? != 0 ] ; then\n    # print error to STDERR\n    echo \"error: The sandbox is not in sync with the Podfile.lock. Run 'pod install' or update your CocoaPods installation.\" >&2\n    exit 1\nfi\n# This output is used by Xcode 'outputs' to avoid re-running this script phase.\necho \"SUCCESS\" > \"${SCRIPT_OUTPUT_FILE_0}\"\n";
			showEnvVarsInLog = 0;
		};
/* End PBXShellScriptBuildPhase section */

/* Begin PBXSourcesBuildPhase section */
		551CCCBA1F55884800AE84EC /* Sources */ = {
			isa = PBXSourcesBuildPhase;
			buildActionMask = 2147483647;
			files = (
				551CCCC11F55884900AE84EC /* NotificationService.swift in Sources */,
			);
			runOnlyForDeploymentPostprocessing = 0;
		};
		55B9BD2E1EF94ADE00F75794 /* Sources */ = {
			isa = PBXSourcesBuildPhase;
			buildActionMask = 2147483647;
			files = (
				55016A6D1F290F3E00EC567E /* PeriodLengthSelectorViewController.swift in Sources */,
				556CA0851EFBE587008C5EA1 /* Information.swift in Sources */,
				550630ED1FF239B8009145C4 /* Success.swift in Sources */,
				556FB7E81F3850F6006DDAB9 /* AttributeTextCollectionViewCell.swift in Sources */,
				553039D31F025EA600C8EF07 /* Colors.swift in Sources */,
				557F95A41EFEA96400D1D68A /* MonthTableViewCell.swift in Sources */,
				55FBC6F91FF3B62200FA7554 /* ChatLabel.swift in Sources */,
				556FB7E21F37365C006DDAB9 /* Article.swift in Sources */,
				55F5FDA51F400E3E00761F71 /* ModalViewController.swift in Sources */,
				55C6E94820C2DBDA00D158BB /* Person.swift in Sources */,
				73A67AF020C85DC80091E609 /* CategoryCVCell.swift in Sources */,
				55C6E93820C2D97B00D158BB /* LicenseHelper.swift in Sources */,
				55F110491F45790E009C4B54 /* HorizontallyFlushCollectionViewFlowLayout.swift in Sources */,
				556FB7E41F382768006DDAB9 /* Config.swift in Sources */,
				55743EBD1F3B59BC003FF4EC /* Image.swift in Sources */,
				550630F11FF264EA009145C4 /* MessageTableViewCell.swift in Sources */,
				55FF9A4B1F1E22BB006281F7 /* MoodSelectorViewController.swift in Sources */,
				5581C35E1F55B55100A297D7 /* String+Emoji.swift in Sources */,
				55FE278B1F0E5E390042DBD3 /* MoodCollectionViewCell.swift in Sources */,
				55FD759E1F53DB61002CCC52 /* ArticleFooterTableViewCell.swift in Sources */,
				558022601FEFF4C6001A0B58 /* TopicsViewController.swift in Sources */,
				55DAEFDD1F34C79300937210 /* SettingViewController.swift in Sources */,
				5520DE7F1F302CEB0003A844 /* PregnantViewController.swift in Sources */,
				550630EF1FF260C5009145C4 /* TopicViewController.swift in Sources */,
				559567DB1FF0EA81001A8231 /* Topic.swift in Sources */,
				556CA0831EFBE522008C5EA1 /* Setting.swift in Sources */,
				55B9BD381EF94ADE00F75794 /* ViewController.swift in Sources */,
				55EAEB591F209F150034E0D0 /* SetupPageViewController.swift in Sources */,
				55CF83311F16867E00212BFF /* MoodValueCollectionViewCell.swift in Sources */,
				551AD1B01F3F3D87003167E0 /* Guide.swift in Sources */,
				556CA0811EFBE445008C5EA1 /* LogMood.swift in Sources */,
				556FB7F41F38876B006DDAB9 /* ImageCollectionViewCell.swift in Sources */,
				556CA07D1EFBDEF5008C5EA1 /* Log.swift in Sources */,
				55FD759A1F52D4CE002CCC52 /* ActivityIndicatorTableViewCell.swift in Sources */,
				556CA07B1EFBDE8B008C5EA1 /* Setup.swift in Sources */,
				730DB3061EFBE07C001495EF /* BuyViewController.swift in Sources */,
				5537E5A41F1CE48A00C479F1 /* MoodSelectorTableViewCell.swift in Sources */,
				5518D2A31F06CEE6001EB0B3 /* DayLogViewController.swift in Sources */,
				55F5FDA71F403D7200761F71 /* Modal.swift in Sources */,
				550AC3281F4DC6E80067A804 /* ArticleCategoryCollectionViewCell.swift in Sources */,
				55445B091EFA9AFB0073DC75 /* LogoView.swift in Sources */,
				55F8E13D1F4309FB00B8F5B7 /* AboutCycleLengthViewController.swift in Sources */,
				55FE27891F0E5DD70042DBD3 /* MoodsCollectionViewCell.swift in Sources */,
				55C6E93A20C2DA8000D158BB /* HttpLicense.swift in Sources */,
				55FD75981F51A512002CCC52 /* Comment.swift in Sources */,
				556CA07F1EFBE2A3008C5EA1 /* Mood.swift in Sources */,
				55EAEB5B1F20B6800034E0D0 /* LastPeriodViewController.swift in Sources */,
				55CC458E1EFBC88000E34DD3 /* PeriodTrackerRouter.swift in Sources */,
				55C6E94B20C2DBDA00D158BB /* Level.swift in Sources */,
				557F95A61EFEA9BF00D1D68A /* DayCollectionViewCell.swift in Sources */,
				55E532501F41A86500759741 /* ContactUsViewController.swift in Sources */,
				55CC45911EFBDB1F00E34DD3 /* User.swift in Sources */,
				559567D91FF0E9DD001A8231 /* Http.swift in Sources */,
				55C6E93620C2D24800D158BB /* LicenseViewController.swift in Sources */,
				5552351E1F4879C5006B402F /* Pricing.swift in Sources */,
				73A67AEE20C858010091E609 /* TopicsViewController+CategoryCV.swift in Sources */,
				556FB7EE1F3851C6006DDAB9 /* Item.swift in Sources */,
				55B9BD361EF94ADE00F75794 /* AppDelegate.swift in Sources */,
				55016A6F1F29C22F00EC567E /* CycleViewController.swift in Sources */,
				55C6E95020C2DBDA00D158BB /* Buy.swift in Sources */,
				55C6E94F20C2DBDA00D158BB /* Activation.swift in Sources */,
				55016A741F29C30100EC567E /* CircleOption.swift in Sources */,
				55FD75941F51A3B1002CCC52 /* ConversationViewController.swift in Sources */,
				5535EB631F25F926007D70F5 /* AboutLastPeriodViewController.swift in Sources */,
				5552351A1F485644006B402F /* PricingViewController.swift in Sources */,
				557F95A11EFE9FCB00D1D68A /* CalendarViewController.swift in Sources */,
				55FD759C1F52E3BB002CCC52 /* ReplyCommentTableViewCell.swift in Sources */,
				557F959F1EFE628A00D1D68A /* Reachability.swift in Sources */,
				55FD75961F51A4A7002CCC52 /* CommentTableViewCell.swift in Sources */,
				550630EB1FF228AE009145C4 /* AddTopicViewController.swift in Sources */,
				559567DF1FF0EBB1001A8231 /* Users.swift in Sources */,
				5539B1071F3C27F300872983 /* ActivityIndicatorCollectionViewCell.swift in Sources */,
				559567DD1FF0EB05001A8231 /* Message.swift in Sources */,
				55B958011F35A45A004AAFA3 /* SettingTableViewCell.swift in Sources */,
				550AC3261F4DC62D0067A804 /* Category.swift in Sources */,
				5506D56A1F21D17900F66E6D /* PeriodLengthViewController.swift in Sources */,
				5539632F1F4EF4F4003E0CFC /* ArticleCommentCollectionViewCell.swift in Sources */,
				55C6E94720C2DBDA00D158BB /* App.swift in Sources */,
				5552351C1F487944006B402F /* PricingCollectionViewCell.swift in Sources */,
				55C6E94E20C2DBDA00D158BB /* Music.swift in Sources */,
				5518D2A51F06D4BE001EB0B3 /* WeekCollectionViewCell.swift in Sources */,
				556FB7E61F3848AC006DDAB9 /* ArticlePageViewController.swift in Sources */,
				5581C35C1F55B53C00A297D7 /* Emoji.swift in Sources */,
				556FB7DE1F372844006DDAB9 /* ArticleViewController.swift in Sources */,
				556FB7F81F399B68006DDAB9 /* MyTabBarController.swift in Sources */,
				551AD1AE1F3F3B28003167E0 /* GuideViewController.swift in Sources */,
				556FB7F21F387016006DDAB9 /* TextAttribute.swift in Sources */,
				55C6E94C20C2DBDA00D158BB /* Model.swift in Sources */,
				556FB7DA1F36D34D006DDAB9 /* SettingModel.swift in Sources */,
				5505E91C1F30AF7500379085 /* Extensions.swift in Sources */,
				559567E11FF0F3F7001A8231 /* TopicTableViewCell.swift in Sources */,
				556CF44B1F0135A100E3456B /* Utility.swift in Sources */,
				556FB7F61F398884006DDAB9 /* ArticleCollectionViewCell.swift in Sources */,
				5506D5681F21D15F00F66E6D /* CycleLengthViewController.swift in Sources */,
			);
			runOnlyForDeploymentPostprocessing = 0;
		};
/* End PBXSourcesBuildPhase section */

/* Begin PBXTargetDependency section */
		551CCCC41F55884900AE84EC /* PBXTargetDependency */ = {
			isa = PBXTargetDependency;
			target = 551CCCBD1F55884800AE84EC /* OneSignalNotificationServiceExtension */;
			targetProxy = 551CCCC31F55884900AE84EC /* PBXContainerItemProxy */;
		};
/* End PBXTargetDependency section */

/* Begin PBXVariantGroup section */
		55B9BD391EF94ADE00F75794 /* Main.storyboard */ = {
			isa = PBXVariantGroup;
			children = (
				55B9BD3A1EF94ADE00F75794 /* Base */,
			);
			name = Main.storyboard;
			sourceTree = "<group>";
		};
		55B9BD3E1EF94ADE00F75794 /* LaunchScreen.storyboard */ = {
			isa = PBXVariantGroup;
			children = (
				55B9BD3F1EF94ADE00F75794 /* Base */,
			);
			name = LaunchScreen.storyboard;
			sourceTree = "<group>";
		};
/* End PBXVariantGroup section */

/* Begin XCBuildConfiguration section */
		551CCCC71F55884900AE84EC /* Debug */ = {
			isa = XCBuildConfiguration;
			baseConfigurationReference = F3AEE3794CE0E426C4F662B0 /* Pods-OneSignalNotificationServiceExtension.debug.xcconfig */;
			buildSettings = {
				CODE_SIGN_ENTITLEMENTS = OneSignalNotificationServiceExtension/OneSignalNotificationServiceExtension.entitlements;
				CODE_SIGN_IDENTITY = "iPhone Developer";
				"CODE_SIGN_IDENTITY[sdk=iphoneos*]" = "iPhone Developer";
				CODE_SIGN_STYLE = Automatic;
				DEVELOPMENT_TEAM = WQAL4X8P6C;
				INFOPLIST_FILE = OneSignalNotificationServiceExtension/Info.plist;
				LD_RUNPATH_SEARCH_PATHS = "$(inherited) @executable_path/Frameworks @executable_path/../../Frameworks";
				PRODUCT_BUNDLE_IDENTIFIER = ir.mahdiyar.periodtracker10.OneSignalNotificationServiceExtension;
				PRODUCT_NAME = "$(TARGET_NAME)";
				PROVISIONING_PROFILE = "";
				PROVISIONING_PROFILE_SPECIFIER = "";
				SKIP_INSTALL = YES;
				SWIFT_VERSION = 3.0;
			};
			name = Debug;
		};
		551CCCC81F55884900AE84EC /* Release */ = {
			isa = XCBuildConfiguration;
			baseConfigurationReference = 027C19C3480BE8683BB05DF3 /* Pods-OneSignalNotificationServiceExtension.release.xcconfig */;
			buildSettings = {
				CODE_SIGN_ENTITLEMENTS = OneSignalNotificationServiceExtension/OneSignalNotificationServiceExtension.entitlements;
				CODE_SIGN_IDENTITY = "iPhone Developer";
				"CODE_SIGN_IDENTITY[sdk=*]" = "iPhone Developer";
				"CODE_SIGN_IDENTITY[sdk=iphoneos*]" = "iPhone Developer";
				CODE_SIGN_STYLE = Automatic;
				DEVELOPMENT_TEAM = WQAL4X8P6C;
				INFOPLIST_FILE = OneSignalNotificationServiceExtension/Info.plist;
				LD_RUNPATH_SEARCH_PATHS = "$(inherited) @executable_path/Frameworks @executable_path/../../Frameworks";
				PRODUCT_BUNDLE_IDENTIFIER = ir.mahdiyar.periodtracker10.OneSignalNotificationServiceExtension;
				PRODUCT_NAME = "$(TARGET_NAME)";
				PROVISIONING_PROFILE = "";
				PROVISIONING_PROFILE_SPECIFIER = "";
				SKIP_INSTALL = YES;
				SWIFT_VERSION = 3.0;
			};
			name = Release;
		};
		55B9BD421EF94ADE00F75794 /* Debug */ = {
			isa = XCBuildConfiguration;
			buildSettings = {
				ALWAYS_SEARCH_USER_PATHS = NO;
				CLANG_ANALYZER_NONNULL = YES;
				CLANG_ANALYZER_NUMBER_OBJECT_CONVERSION = YES_AGGRESSIVE;
				CLANG_CXX_LANGUAGE_STANDARD = "gnu++0x";
				CLANG_CXX_LIBRARY = "libc++";
				CLANG_ENABLE_MODULES = YES;
				CLANG_ENABLE_OBJC_ARC = YES;
				CLANG_WARN_BOOL_CONVERSION = YES;
				CLANG_WARN_CONSTANT_CONVERSION = YES;
				CLANG_WARN_DIRECT_OBJC_ISA_USAGE = YES_ERROR;
				CLANG_WARN_DOCUMENTATION_COMMENTS = YES;
				CLANG_WARN_EMPTY_BODY = YES;
				CLANG_WARN_ENUM_CONVERSION = YES;
				CLANG_WARN_INFINITE_RECURSION = YES;
				CLANG_WARN_INT_CONVERSION = YES;
				CLANG_WARN_OBJC_ROOT_CLASS = YES_ERROR;
				CLANG_WARN_SUSPICIOUS_MOVE = YES;
				CLANG_WARN_UNREACHABLE_CODE = YES;
				CLANG_WARN__DUPLICATE_METHOD_MATCH = YES;
				CODE_SIGN_IDENTITY = "iPhone Developer";
				"CODE_SIGN_IDENTITY[sdk=iphoneos*]" = "iPhone Developer";
				COPY_PHASE_STRIP = NO;
				DEBUG_INFORMATION_FORMAT = dwarf;
				ENABLE_STRICT_OBJC_MSGSEND = YES;
				ENABLE_TESTABILITY = YES;
				GCC_C_LANGUAGE_STANDARD = gnu99;
				GCC_DYNAMIC_NO_PIC = NO;
				GCC_NO_COMMON_BLOCKS = YES;
				GCC_OPTIMIZATION_LEVEL = 0;
				GCC_PREPROCESSOR_DEFINITIONS = (
					"DEBUG=1",
					"$(inherited)",
				);
				GCC_WARN_64_TO_32_BIT_CONVERSION = YES;
				GCC_WARN_ABOUT_RETURN_TYPE = YES_ERROR;
				GCC_WARN_UNDECLARED_SELECTOR = YES;
				GCC_WARN_UNINITIALIZED_AUTOS = YES_AGGRESSIVE;
				GCC_WARN_UNUSED_FUNCTION = YES;
				GCC_WARN_UNUSED_VARIABLE = YES;
				IPHONEOS_DEPLOYMENT_TARGET = 10.0;
				MTL_ENABLE_DEBUG_INFO = YES;
				ONLY_ACTIVE_ARCH = YES;
				SDKROOT = iphoneos;
				SWIFT_ACTIVE_COMPILATION_CONDITIONS = DEBUG;
				SWIFT_OPTIMIZATION_LEVEL = "-Onone";
			};
			name = Debug;
		};
		55B9BD431EF94ADE00F75794 /* Release */ = {
			isa = XCBuildConfiguration;
			buildSettings = {
				ALWAYS_SEARCH_USER_PATHS = NO;
				CLANG_ANALYZER_NONNULL = YES;
				CLANG_ANALYZER_NUMBER_OBJECT_CONVERSION = YES_AGGRESSIVE;
				CLANG_CXX_LANGUAGE_STANDARD = "gnu++0x";
				CLANG_CXX_LIBRARY = "libc++";
				CLANG_ENABLE_MODULES = YES;
				CLANG_ENABLE_OBJC_ARC = YES;
				CLANG_WARN_BOOL_CONVERSION = YES;
				CLANG_WARN_CONSTANT_CONVERSION = YES;
				CLANG_WARN_DIRECT_OBJC_ISA_USAGE = YES_ERROR;
				CLANG_WARN_DOCUMENTATION_COMMENTS = YES;
				CLANG_WARN_EMPTY_BODY = YES;
				CLANG_WARN_ENUM_CONVERSION = YES;
				CLANG_WARN_INFINITE_RECURSION = YES;
				CLANG_WARN_INT_CONVERSION = YES;
				CLANG_WARN_OBJC_ROOT_CLASS = YES_ERROR;
				CLANG_WARN_SUSPICIOUS_MOVE = YES;
				CLANG_WARN_UNREACHABLE_CODE = YES;
				CLANG_WARN__DUPLICATE_METHOD_MATCH = YES;
				CODE_SIGN_IDENTITY = "iPhone Developer";
				"CODE_SIGN_IDENTITY[sdk=iphoneos*]" = "iPhone Developer";
				COPY_PHASE_STRIP = NO;
				DEBUG_INFORMATION_FORMAT = "dwarf-with-dsym";
				ENABLE_NS_ASSERTIONS = NO;
				ENABLE_STRICT_OBJC_MSGSEND = YES;
				GCC_C_LANGUAGE_STANDARD = gnu99;
				GCC_NO_COMMON_BLOCKS = YES;
				GCC_WARN_64_TO_32_BIT_CONVERSION = YES;
				GCC_WARN_ABOUT_RETURN_TYPE = YES_ERROR;
				GCC_WARN_UNDECLARED_SELECTOR = YES;
				GCC_WARN_UNINITIALIZED_AUTOS = YES_AGGRESSIVE;
				GCC_WARN_UNUSED_FUNCTION = YES;
				GCC_WARN_UNUSED_VARIABLE = YES;
				IPHONEOS_DEPLOYMENT_TARGET = 10.0;
				MTL_ENABLE_DEBUG_INFO = NO;
				SDKROOT = iphoneos;
				SWIFT_OPTIMIZATION_LEVEL = "-Owholemodule";
				VALIDATE_PRODUCT = YES;
			};
			name = Release;
		};
		55B9BD451EF94ADE00F75794 /* Debug */ = {
			isa = XCBuildConfiguration;
			baseConfigurationReference = 2B931D550280DF1512D6CB44 /* Pods-PeriodTracker.debug.xcconfig */;
			buildSettings = {
				ALWAYS_EMBED_SWIFT_STANDARD_LIBRARIES = YES;
				ASSETCATALOG_COMPILER_APPICON_NAME = AppIcon;
				CODE_SIGN_ENTITLEMENTS = PeriodTracker/PeriodTracker.entitlements;
				CODE_SIGN_IDENTITY = "iPhone Developer";
				"CODE_SIGN_IDENTITY[sdk=iphoneos*]" = "iPhone Developer";
				CODE_SIGN_STYLE = Automatic;
				DEVELOPMENT_TEAM = WQAL4X8P6C;
				INFOPLIST_FILE = PeriodTracker/Info.plist;
				LD_RUNPATH_SEARCH_PATHS = "$(inherited) @executable_path/Frameworks";
				PRODUCT_BUNDLE_IDENTIFIER = ir.mahdiyar.periodtracker10;
				PRODUCT_NAME = Royan;
				PROVISIONING_PROFILE = "";
				PROVISIONING_PROFILE_SPECIFIER = "";
				SWIFT_VERSION = 3.0;
			};
			name = Debug;
		};
		55B9BD461EF94ADE00F75794 /* Release */ = {
			isa = XCBuildConfiguration;
			baseConfigurationReference = 533083C631EDA48E61D51D6F /* Pods-PeriodTracker.release.xcconfig */;
			buildSettings = {
				ALWAYS_EMBED_SWIFT_STANDARD_LIBRARIES = YES;
				ASSETCATALOG_COMPILER_APPICON_NAME = AppIcon;
				CODE_SIGN_ENTITLEMENTS = PeriodTracker/PeriodTracker.entitlements;
				CODE_SIGN_IDENTITY = "iPhone Developer";
				"CODE_SIGN_IDENTITY[sdk=iphoneos*]" = "iPhone Developer";
				CODE_SIGN_STYLE = Automatic;
				DEVELOPMENT_TEAM = WQAL4X8P6C;
				INFOPLIST_FILE = PeriodTracker/Info.plist;
				LD_RUNPATH_SEARCH_PATHS = "$(inherited) @executable_path/Frameworks";
				PRODUCT_BUNDLE_IDENTIFIER = ir.mahdiyar.periodtracker10;
				PRODUCT_NAME = Royan;
				PROVISIONING_PROFILE = "";
				PROVISIONING_PROFILE_SPECIFIER = "";
				SWIFT_VERSION = 3.0;
			};
			name = Release;
		};
/* End XCBuildConfiguration section */

/* Begin XCConfigurationList section */
		551CCCC61F55884900AE84EC /* Build configuration list for PBXNativeTarget "OneSignalNotificationServiceExtension" */ = {
			isa = XCConfigurationList;
			buildConfigurations = (
				551CCCC71F55884900AE84EC /* Debug */,
				551CCCC81F55884900AE84EC /* Release */,
			);
			defaultConfigurationIsVisible = 0;
			defaultConfigurationName = Release;
		};
		55B9BD2D1EF94ADE00F75794 /* Build configuration list for PBXProject "Royan" */ = {
			isa = XCConfigurationList;
			buildConfigurations = (
				55B9BD421EF94ADE00F75794 /* Debug */,
				55B9BD431EF94ADE00F75794 /* Release */,
			);
			defaultConfigurationIsVisible = 0;
			defaultConfigurationName = Release;
		};
		55B9BD441EF94ADE00F75794 /* Build configuration list for PBXNativeTarget "PeriodTracker" */ = {
			isa = XCConfigurationList;
			buildConfigurations = (
				55B9BD451EF94ADE00F75794 /* Debug */,
				55B9BD461EF94ADE00F75794 /* Release */,
			);
			defaultConfigurationIsVisible = 0;
			defaultConfigurationName = Release;
		};
/* End XCConfigurationList section */
	};
	rootObject = 55B9BD2A1EF94ADE00F75794 /* Project object */;
}
